// !$*UTF8*$!
{
	archiveVersion = 1;
	classes = {
	};
	objectVersion = 50;
	objects = {

/* Begin PBXBuildFile section */
		8FD59E46266A018B007F8FE9 /* AppDelegate.swift in Sources */ = {isa = PBXBuildFile; fileRef = 8FD59E45266A018B007F8FE9 /* AppDelegate.swift */; };
		8FD59E48266A018B007F8FE9 /* SceneDelegate.swift in Sources */ = {isa = PBXBuildFile; fileRef = 8FD59E47266A018B007F8FE9 /* SceneDelegate.swift */; };
		8FD59E4A266A018B007F8FE9 /* ViewController.swift in Sources */ = {isa = PBXBuildFile; fileRef = 8FD59E49266A018B007F8FE9 /* ViewController.swift */; };
		8FD59E4D266A018B007F8FE9 /* Main.storyboard in Resources */ = {isa = PBXBuildFile; fileRef = 8FD59E4B266A018B007F8FE9 /* Main.storyboard */; };
		8FD59E4F266A018D007F8FE9 /* Assets.xcassets in Resources */ = {isa = PBXBuildFile; fileRef = 8FD59E4E266A018D007F8FE9 /* Assets.xcassets */; };
		8FD59E52266A018D007F8FE9 /* LaunchScreen.storyboard in Resources */ = {isa = PBXBuildFile; fileRef = 8FD59E50266A018D007F8FE9 /* LaunchScreen.storyboard */; };
		8FD59E5D266A018D007F8FE9 /* EcommerceTests.swift in Sources */ = {isa = PBXBuildFile; fileRef = 8FD59E5C266A018D007F8FE9 /* EcommerceTests.swift */; };
		8FD59E68266A018D007F8FE9 /* EcommerceUITests.swift in Sources */ = {isa = PBXBuildFile; fileRef = 8FD59E67266A018D007F8FE9 /* EcommerceUITests.swift */; };
/* End PBXBuildFile section */

/* Begin PBXContainerItemProxy section */
		8FD59E59266A018D007F8FE9 /* PBXContainerItemProxy */ = {
			isa = PBXContainerItemProxy;
			containerPortal = 8FD59E3A266A018B007F8FE9 /* Project object */;
			proxyType = 1;
			remoteGlobalIDString = 8FD59E41266A018B007F8FE9;
			remoteInfo = Ecommerce;
		};
		8FD59E64266A018D007F8FE9 /* PBXContainerItemProxy */ = {
			isa = PBXContainerItemProxy;
			containerPortal = 8FD59E3A266A018B007F8FE9 /* Project object */;
			proxyType = 1;
			remoteGlobalIDString = 8FD59E41266A018B007F8FE9;
			remoteInfo = Ecommerce;
		};
/* End PBXContainerItemProxy section */

/* Begin PBXFileReference section */
		8FD59E42266A018B007F8FE9 /* Ecommerce.app */ = {isa = PBXFileReference; explicitFileType = wrapper.application; includeInIndex = 0; path = Ecommerce.app; sourceTree = BUILT_PRODUCTS_DIR; };
		8FD59E45266A018B007F8FE9 /* AppDelegate.swift */ = {isa = PBXFileReference; lastKnownFileType = sourcecode.swift; path = AppDelegate.swift; sourceTree = "<group>"; };
		8FD59E47266A018B007F8FE9 /* SceneDelegate.swift */ = {isa = PBXFileReference; lastKnownFileType = sourcecode.swift; path = SceneDelegate.swift; sourceTree = "<group>"; };
		8FD59E49266A018B007F8FE9 /* ViewController.swift */ = {isa = PBXFileReference; lastKnownFileType = sourcecode.swift; path = ViewController.swift; sourceTree = "<group>"; };
		8FD59E4C266A018B007F8FE9 /* Base */ = {isa = PBXFileReference; lastKnownFileType = file.storyboard; name = Base; path = Base.lproj/Main.storyboard; sourceTree = "<group>"; };
		8FD59E4E266A018D007F8FE9 /* Assets.xcassets */ = {isa = PBXFileReference; lastKnownFileType = folder.assetcatalog; path = Assets.xcassets; sourceTree = "<group>"; };
		8FD59E51266A018D007F8FE9 /* Base */ = {isa = PBXFileReference; lastKnownFileType = file.storyboard; name = Base; path = Base.lproj/LaunchScreen.storyboard; sourceTree = "<group>"; };
		8FD59E53266A018D007F8FE9 /* Info.plist */ = {isa = PBXFileReference; lastKnownFileType = text.plist.xml; path = Info.plist; sourceTree = "<group>"; };
		8FD59E58266A018D007F8FE9 /* EcommerceTests.xctest */ = {isa = PBXFileReference; explicitFileType = wrapper.cfbundle; includeInIndex = 0; path = EcommerceTests.xctest; sourceTree = BUILT_PRODUCTS_DIR; };
		8FD59E5C266A018D007F8FE9 /* EcommerceTests.swift */ = {isa = PBXFileReference; lastKnownFileType = sourcecode.swift; path = EcommerceTests.swift; sourceTree = "<group>"; };
		8FD59E5E266A018D007F8FE9 /* Info.plist */ = {isa = PBXFileReference; lastKnownFileType = text.plist.xml; path = Info.plist; sourceTree = "<group>"; };
		8FD59E63266A018D007F8FE9 /* EcommerceUITests.xctest */ = {isa = PBXFileReference; explicitFileType = wrapper.cfbundle; includeInIndex = 0; path = EcommerceUITests.xctest; sourceTree = BUILT_PRODUCTS_DIR; };
		8FD59E67266A018D007F8FE9 /* EcommerceUITests.swift */ = {isa = PBXFileReference; lastKnownFileType = sourcecode.swift; path = EcommerceUITests.swift; sourceTree = "<group>"; };
		8FD59E69266A018D007F8FE9 /* Info.plist */ = {isa = PBXFileReference; lastKnownFileType = text.plist.xml; path = Info.plist; sourceTree = "<group>"; };
/* End PBXFileReference section */

/* Begin PBXFrameworksBuildPhase section */
		8FD59E3F266A018B007F8FE9 /* Frameworks */ = {
			isa = PBXFrameworksBuildPhase;
			buildActionMask = 2147483647;
			files = (
			);
			runOnlyForDeploymentPostprocessing = 0;
		};
		8FD59E55266A018D007F8FE9 /* Frameworks */ = {
			isa = PBXFrameworksBuildPhase;
			buildActionMask = 2147483647;
			files = (
			);
			runOnlyForDeploymentPostprocessing = 0;
		};
		8FD59E60266A018D007F8FE9 /* Frameworks */ = {
			isa = PBXFrameworksBuildPhase;
			buildActionMask = 2147483647;
			files = (
			);
			runOnlyForDeploymentPostprocessing = 0;
		};
/* End PBXFrameworksBuildPhase section */

/* Begin PBXGroup section */
		8FD59E39266A018B007F8FE9 = {
			isa = PBXGroup;
			children = (
				8FD59E44266A018B007F8FE9 /* Ecommerce */,
				8FD59E5B266A018D007F8FE9 /* EcommerceTests */,
				8FD59E66266A018D007F8FE9 /* EcommerceUITests */,
				8FD59E43266A018B007F8FE9 /* Products */,
			);
			sourceTree = "<group>";
		};
		8FD59E43266A018B007F8FE9 /* Products */ = {
			isa = PBXGroup;
			children = (
				8FD59E42266A018B007F8FE9 /* Ecommerce.app */,
				8FD59E58266A018D007F8FE9 /* EcommerceTests.xctest */,
				8FD59E63266A018D007F8FE9 /* EcommerceUITests.xctest */,
			);
			name = Products;
			sourceTree = "<group>";
		};
		8FD59E44266A018B007F8FE9 /* Ecommerce */ = {
			isa = PBXGroup;
			children = (
				8FD59E45266A018B007F8FE9 /* AppDelegate.swift */,
				8FD59E47266A018B007F8FE9 /* SceneDelegate.swift */,
				8FD59E49266A018B007F8FE9 /* ViewController.swift */,
				8FD59E4B266A018B007F8FE9 /* Main.storyboard */,
				8FD59E4E266A018D007F8FE9 /* Assets.xcassets */,
				8FD59E50266A018D007F8FE9 /* LaunchScreen.storyboard */,
				8FD59E53266A018D007F8FE9 /* Info.plist */,
			);
			path = Ecommerce;
			sourceTree = "<group>";
		};
		8FD59E5B266A018D007F8FE9 /* EcommerceTests */ = {
			isa = PBXGroup;
			children = (
				8FD59E5C266A018D007F8FE9 /* EcommerceTests.swift */,
				8FD59E5E266A018D007F8FE9 /* Info.plist */,
			);
			path = EcommerceTests;
			sourceTree = "<group>";
		};
		8FD59E66266A018D007F8FE9 /* EcommerceUITests */ = {
			isa = PBXGroup;
			children = (
				8FD59E67266A018D007F8FE9 /* EcommerceUITests.swift */,
				8FD59E69266A018D007F8FE9 /* Info.plist */,
			);
			path = EcommerceUITests;
			sourceTree = "<group>";
		};
/* End PBXGroup section */

/* Begin PBXNativeTarget section */
		8FD59E41266A018B007F8FE9 /* Ecommerce */ = {
			isa = PBXNativeTarget;
			buildConfigurationList = 8FD59E6C266A018D007F8FE9 /* Build configuration list for PBXNativeTarget "Ecommerce" */;
			buildPhases = (
				8FD59E3E266A018B007F8FE9 /* Sources */,
				8FD59E3F266A018B007F8FE9 /* Frameworks */,
				8FD59E40266A018B007F8FE9 /* Resources */,
			);
			buildRules = (
			);
			dependencies = (
			);
			name = Ecommerce;
			productName = Ecommerce;
			productReference = 8FD59E42266A018B007F8FE9 /* Ecommerce.app */;
			productType = "com.apple.product-type.application";
		};
		8FD59E57266A018D007F8FE9 /* EcommerceTests */ = {
			isa = PBXNativeTarget;
			buildConfigurationList = 8FD59E6F266A018D007F8FE9 /* Build configuration list for PBXNativeTarget "EcommerceTests" */;
			buildPhases = (
				8FD59E54266A018D007F8FE9 /* Sources */,
				8FD59E55266A018D007F8FE9 /* Frameworks */,
				8FD59E56266A018D007F8FE9 /* Resources */,
			);
			buildRules = (
			);
			dependencies = (
				8FD59E5A266A018D007F8FE9 /* PBXTargetDependency */,
			);
			name = EcommerceTests;
			productName = EcommerceTests;
			productReference = 8FD59E58266A018D007F8FE9 /* EcommerceTests.xctest */;
			productType = "com.apple.product-type.bundle.unit-test";
		};
		8FD59E62266A018D007F8FE9 /* EcommerceUITests */ = {
			isa = PBXNativeTarget;
			buildConfigurationList = 8FD59E72266A018D007F8FE9 /* Build configuration list for PBXNativeTarget "EcommerceUITests" */;
			buildPhases = (
				8FD59E5F266A018D007F8FE9 /* Sources */,
				8FD59E60266A018D007F8FE9 /* Frameworks */,
				8FD59E61266A018D007F8FE9 /* Resources */,
			);
			buildRules = (
			);
			dependencies = (
				8FD59E65266A018D007F8FE9 /* PBXTargetDependency */,
			);
			name = EcommerceUITests;
			productName = EcommerceUITests;
			productReference = 8FD59E63266A018D007F8FE9 /* EcommerceUITests.xctest */;
			productType = "com.apple.product-type.bundle.ui-testing";
		};
/* End PBXNativeTarget section */

/* Begin PBXProject section */
		8FD59E3A266A018B007F8FE9 /* Project object */ = {
			isa = PBXProject;
			attributes = {
				LastSwiftUpdateCheck = 1250;
				LastUpgradeCheck = 1250;
				TargetAttributes = {
					8FD59E41266A018B007F8FE9 = {
						CreatedOnToolsVersion = 12.5;
					};
					8FD59E57266A018D007F8FE9 = {
						CreatedOnToolsVersion = 12.5;
						TestTargetID = 8FD59E41266A018B007F8FE9;
					};
					8FD59E62266A018D007F8FE9 = {
						CreatedOnToolsVersion = 12.5;
						TestTargetID = 8FD59E41266A018B007F8FE9;
					};
				};
			};
			buildConfigurationList = 8FD59E3D266A018B007F8FE9 /* Build configuration list for PBXProject "Ecommerce" */;
			compatibilityVersion = "Xcode 9.3";
			developmentRegion = en;
			hasScannedForEncodings = 0;
			knownRegions = (
				en,
				Base,
			);
			mainGroup = 8FD59E39266A018B007F8FE9;
			productRefGroup = 8FD59E43266A018B007F8FE9 /* Products */;
			projectDirPath = "";
			projectRoot = "";
			targets = (
				8FD59E41266A018B007F8FE9 /* Ecommerce */,
				8FD59E57266A018D007F8FE9 /* EcommerceTests */,
				8FD59E62266A018D007F8FE9 /* EcommerceUITests */,
			);
		};
/* End PBXProject section */

/* Begin PBXResourcesBuildPhase section */
		8FD59E40266A018B007F8FE9 /* Resources */ = {
			isa = PBXResourcesBuildPhase;
			buildActionMask = 2147483647;
			files = (
				8FD59E52266A018D007F8FE9 /* LaunchScreen.storyboard in Resources */,
				8FD59E4F266A018D007F8FE9 /* Assets.xcassets in Resources */,
				8FD59E4D266A018B007F8FE9 /* Main.storyboard in Resources */,
			);
			runOnlyForDeploymentPostprocessing = 0;
		};
		8FD59E56266A018D007F8FE9 /* Resources */ = {
			isa = PBXResourcesBuildPhase;
			buildActionMask = 2147483647;
			files = (
			);
			runOnlyForDeploymentPostprocessing = 0;
		};
		8FD59E61266A018D007F8FE9 /* Resources */ = {
			isa = PBXResourcesBuildPhase;
			buildActionMask = 2147483647;
			files = (
			);
			runOnlyForDeploymentPostprocessing = 0;
		};
/* End PBXResourcesBuildPhase section */

/* Begin PBXSourcesBuildPhase section */
		8FD59E3E266A018B007F8FE9 /* Sources */ = {
			isa = PBXSourcesBuildPhase;
			buildActionMask = 2147483647;
			files = (
				8FD59E4A266A018B007F8FE9 /* ViewController.swift in Sources */,
				8FD59E46266A018B007F8FE9 /* AppDelegate.swift in Sources */,
				8FD59E48266A018B007F8FE9 /* SceneDelegate.swift in Sources */,
			);
			runOnlyForDeploymentPostprocessing = 0;
		};
		8FD59E54266A018D007F8FE9 /* Sources */ = {
			isa = PBXSourcesBuildPhase;
			buildActionMask = 2147483647;
			files = (
				8FD59E5D266A018D007F8FE9 /* EcommerceTests.swift in Sources */,
			);
			runOnlyForDeploymentPostprocessing = 0;
		};
		8FD59E5F266A018D007F8FE9 /* Sources */ = {
			isa = PBXSourcesBuildPhase;
			buildActionMask = 2147483647;
			files = (
				8FD59E68266A018D007F8FE9 /* EcommerceUITests.swift in Sources */,
			);
			runOnlyForDeploymentPostprocessing = 0;
		};
/* End PBXSourcesBuildPhase section */

/* Begin PBXTargetDependency section */
		8FD59E5A266A018D007F8FE9 /* PBXTargetDependency */ = {
			isa = PBXTargetDependency;
			target = 8FD59E41266A018B007F8FE9 /* Ecommerce */;
			targetProxy = 8FD59E59266A018D007F8FE9 /* PBXContainerItemProxy */;
		};
		8FD59E65266A018D007F8FE9 /* PBXTargetDependency */ = {
			isa = PBXTargetDependency;
			target = 8FD59E41266A018B007F8FE9 /* Ecommerce */;
			targetProxy = 8FD59E64266A018D007F8FE9 /* PBXContainerItemProxy */;
		};
/* End PBXTargetDependency section */

/* Begin PBXVariantGroup section */
		8FD59E4B266A018B007F8FE9 /* Main.storyboard */ = {
			isa = PBXVariantGroup;
			children = (
				8FD59E4C266A018B007F8FE9 /* Base */,
			);
			name = Main.storyboard;
			sourceTree = "<group>";
		};
		8FD59E50266A018D007F8FE9 /* LaunchScreen.storyboard */ = {
			isa = PBXVariantGroup;
			children = (
				8FD59E51266A018D007F8FE9 /* Base */,
			);
			name = LaunchScreen.storyboard;
			sourceTree = "<group>";
		};
/* End PBXVariantGroup section */

/* Begin XCBuildConfiguration section */
		8FD59E6A266A018D007F8FE9 /* Debug */ = {
			isa = XCBuildConfiguration;
			buildSettings = {
				ALWAYS_SEARCH_USER_PATHS = NO;
				CLANG_ANALYZER_NONNULL = YES;
				CLANG_ANALYZER_NUMBER_OBJECT_CONVERSION = YES_AGGRESSIVE;
				CLANG_CXX_LANGUAGE_STANDARD = "gnu++14";
				CLANG_CXX_LIBRARY = "libc++";
				CLANG_ENABLE_MODULES = YES;
				CLANG_ENABLE_OBJC_ARC = YES;
				CLANG_ENABLE_OBJC_WEAK = YES;
				CLANG_WARN_BLOCK_CAPTURE_AUTORELEASING = YES;
				CLANG_WARN_BOOL_CONVERSION = YES;
				CLANG_WARN_COMMA = YES;
				CLANG_WARN_CONSTANT_CONVERSION = YES;
				CLANG_WARN_DEPRECATED_OBJC_IMPLEMENTATIONS = YES;
				CLANG_WARN_DIRECT_OBJC_ISA_USAGE = YES_ERROR;
				CLANG_WARN_DOCUMENTATION_COMMENTS = YES;
				CLANG_WARN_EMPTY_BODY = YES;
				CLANG_WARN_ENUM_CONVERSION = YES;
				CLANG_WARN_INFINITE_RECURSION = YES;
				CLANG_WARN_INT_CONVERSION = YES;
				CLANG_WARN_NON_LITERAL_NULL_CONVERSION = YES;
				CLANG_WARN_OBJC_IMPLICIT_RETAIN_SELF = YES;
				CLANG_WARN_OBJC_LITERAL_CONVERSION = YES;
				CLANG_WARN_OBJC_ROOT_CLASS = YES_ERROR;
				CLANG_WARN_QUOTED_INCLUDE_IN_FRAMEWORK_HEADER = YES;
				CLANG_WARN_RANGE_LOOP_ANALYSIS = YES;
				CLANG_WARN_STRICT_PROTOTYPES = YES;
				CLANG_WARN_SUSPICIOUS_MOVE = YES;
				CLANG_WARN_UNGUARDED_AVAILABILITY = YES_AGGRESSIVE;
				CLANG_WARN_UNREACHABLE_CODE = YES;
				CLANG_WARN__DUPLICATE_METHOD_MATCH = YES;
				COPY_PHASE_STRIP = NO;
				DEBUG_INFORMATION_FORMAT = dwarf;
				ENABLE_STRICT_OBJC_MSGSEND = YES;
				ENABLE_TESTABILITY = YES;
				GCC_C_LANGUAGE_STANDARD = gnu11;
				GCC_DYNAMIC_NO_PIC = NO;
				GCC_NO_COMMON_BLOCKS = YES;
				GCC_OPTIMIZATION_LEVEL = 0;
				GCC_PREPROCESSOR_DEFINITIONS = (
					"DEBUG=1",
					"$(inherited)",
				);
				GCC_WARN_64_TO_32_BIT_CONVERSION = YES;
				GCC_WARN_ABOUT_RETURN_TYPE = YES_ERROR;
				GCC_WARN_UNDECLARED_SELECTOR = YES;
				GCC_WARN_UNINITIALIZED_AUTOS = YES_AGGRESSIVE;
				GCC_WARN_UNUSED_FUNCTION = YES;
				GCC_WARN_UNUSED_VARIABLE = YES;
				IPHONEOS_DEPLOYMENT_TARGET = 14.5;
				MTL_ENABLE_DEBUG_INFO = INCLUDE_SOURCE;
				MTL_FAST_MATH = YES;
				ONLY_ACTIVE_ARCH = YES;
				SDKROOT = iphoneos;
				SWIFT_ACTIVE_COMPILATION_CONDITIONS = DEBUG;
				SWIFT_OPTIMIZATION_LEVEL = "-Onone";
			};
			name = Debug;
		};
		8FD59E6B266A018D007F8FE9 /* Release */ = {
			isa = XCBuildConfiguration;
			buildSettings = {
				ALWAYS_SEARCH_USER_PATHS = NO;
				CLANG_ANALYZER_NONNULL = YES;
				CLANG_ANALYZER_NUMBER_OBJECT_CONVERSION = YES_AGGRESSIVE;
				CLANG_CXX_LANGUAGE_STANDARD = "gnu++14";
				CLANG_CXX_LIBRARY = "libc++";
				CLANG_ENABLE_MODULES = YES;
				CLANG_ENABLE_OBJC_ARC = YES;
				CLANG_ENABLE_OBJC_WEAK = YES;
				CLANG_WARN_BLOCK_CAPTURE_AUTORELEASING = YES;
				CLANG_WARN_BOOL_CONVERSION = YES;
				CLANG_WARN_COMMA = YES;
				CLANG_WARN_CONSTANT_CONVERSION = YES;
				CLANG_WARN_DEPRECATED_OBJC_IMPLEMENTATIONS = YES;
				CLANG_WARN_DIRECT_OBJC_ISA_USAGE = YES_ERROR;
				CLANG_WARN_DOCUMENTATION_COMMENTS = YES;
				CLANG_WARN_EMPTY_BODY = YES;
				CLANG_WARN_ENUM_CONVERSION = YES;
				CLANG_WARN_INFINITE_RECURSION = YES;
				CLANG_WARN_INT_CONVERSION = YES;
				CLANG_WARN_NON_LITERAL_NULL_CONVERSION = YES;
				CLANG_WARN_OBJC_IMPLICIT_RETAIN_SELF = YES;
				CLANG_WARN_OBJC_LITERAL_CONVERSION = YES;
				CLANG_WARN_OBJC_ROOT_CLASS = YES_ERROR;
				CLANG_WARN_QUOTED_INCLUDE_IN_FRAMEWORK_HEADER = YES;
				CLANG_WARN_RANGE_LOOP_ANALYSIS = YES;
				CLANG_WARN_STRICT_PROTOTYPES = YES;
				CLANG_WARN_SUSPICIOUS_MOVE = YES;
				CLANG_WARN_UNGUARDED_AVAILABILITY = YES_AGGRESSIVE;
				CLANG_WARN_UNREACHABLE_CODE = YES;
				CLANG_WARN__DUPLICATE_METHOD_MATCH = YES;
				COPY_PHASE_STRIP = NO;
				DEBUG_INFORMATION_FORMAT = "dwarf-with-dsym";
				ENABLE_NS_ASSERTIONS = NO;
				ENABLE_STRICT_OBJC_MSGSEND = YES;
				GCC_C_LANGUAGE_STANDARD = gnu11;
				GCC_NO_COMMON_BLOCKS = YES;
				GCC_WARN_64_TO_32_BIT_CONVERSION = YES;
				GCC_WARN_ABOUT_RETURN_TYPE = YES_ERROR;
				GCC_WARN_UNDECLARED_SELECTOR = YES;
				GCC_WARN_UNINITIALIZED_AUTOS = YES_AGGRESSIVE;
				GCC_WARN_UNUSED_FUNCTION = YES;
				GCC_WARN_UNUSED_VARIABLE = YES;
				IPHONEOS_DEPLOYMENT_TARGET = 14.5;
				MTL_ENABLE_DEBUG_INFO = NO;
				MTL_FAST_MATH = YES;
				SDKROOT = iphoneos;
				SWIFT_COMPILATION_MODE = wholemodule;
				SWIFT_OPTIMIZATION_LEVEL = "-O";
				VALIDATE_PRODUCT = YES;
			};
			name = Release;
		};
		8FD59E6D266A018D007F8FE9 /* Debug */ = {
			isa = XCBuildConfiguration;
			buildSettings = {
				ASSETCATALOG_COMPILER_APPICON_NAME = AppIcon;
				ASSETCATALOG_COMPILER_GLOBAL_ACCENT_COLOR_NAME = AccentColor;
				CODE_SIGN_STYLE = Automatic;
				DEVELOPMENT_TEAM = 94WY3HPZ4Q;
				INFOPLIST_FILE = Ecommerce/Info.plist;
				LD_RUNPATH_SEARCH_PATHS = (
					"$(inherited)",
					"@executable_path/Frameworks",
				);
				PRODUCT_BUNDLE_IDENTIFIER = com.jasonou.Ecommerce;
				PRODUCT_NAME = "$(TARGET_NAME)";
				SWIFT_VERSION = 5.0;
				TARGETED_DEVICE_FAMILY = "1,2";
			};
			name = Debug;
		};
		8FD59E6E266A018D007F8FE9 /* Release */ = {
			isa = XCBuildConfiguration;
			buildSettings = {
				ASSETCATALOG_COMPILER_APPICON_NAME = AppIcon;
				ASSETCATALOG_COMPILER_GLOBAL_ACCENT_COLOR_NAME = AccentColor;
				CODE_SIGN_STYLE = Automatic;
				DEVELOPMENT_TEAM = 94WY3HPZ4Q;
				INFOPLIST_FILE = Ecommerce/Info.plist;
				LD_RUNPATH_SEARCH_PATHS = (
					"$(inherited)",
					"@executable_path/Frameworks",
				);
				PRODUCT_BUNDLE_IDENTIFIER = com.jasonou.Ecommerce;
				PRODUCT_NAME = "$(TARGET_NAME)";
				SWIFT_VERSION = 5.0;
				TARGETED_DEVICE_FAMILY = "1,2";
			};
			name = Release;
		};
		8FD59E70266A018D007F8FE9 /* Debug */ = {
			isa = XCBuildConfiguration;
			buildSettings = {
				ALWAYS_EMBED_SWIFT_STANDARD_LIBRARIES = YES;
				BUNDLE_LOADER = "$(TEST_HOST)";
				CODE_SIGN_STYLE = Automatic;
				DEVELOPMENT_TEAM = 94WY3HPZ4Q;
				INFOPLIST_FILE = EcommerceTests/Info.plist;
				IPHONEOS_DEPLOYMENT_TARGET = 14.5;
				LD_RUNPATH_SEARCH_PATHS = (
					"$(inherited)",
					"@executable_path/Frameworks",
					"@loader_path/Frameworks",
				);
				PRODUCT_BUNDLE_IDENTIFIER = com.jasonou.EcommerceTests;
				PRODUCT_NAME = "$(TARGET_NAME)";
				SWIFT_VERSION = 5.0;
				TARGETED_DEVICE_FAMILY = "1,2";
				TEST_HOST = "$(BUILT_PRODUCTS_DIR)/Ecommerce.app/Ecommerce";
			};
			name = Debug;
		};
		8FD59E71266A018D007F8FE9 /* Release */ = {
			isa = XCBuildConfiguration;
			buildSettings = {
				ALWAYS_EMBED_SWIFT_STANDARD_LIBRARIES = YES;
				BUNDLE_LOADER = "$(TEST_HOST)";
				CODE_SIGN_STYLE = Automatic;
				DEVELOPMENT_TEAM = 94WY3HPZ4Q;
				INFOPLIST_FILE = EcommerceTests/Info.plist;
				IPHONEOS_DEPLOYMENT_TARGET = 14.5;
				LD_RUNPATH_SEARCH_PATHS = (
					"$(inherited)",
					"@executable_path/Frameworks",
					"@loader_path/Frameworks",
				);
				PRODUCT_BUNDLE_IDENTIFIER = com.jasonou.EcommerceTests;
				PRODUCT_NAME = "$(TARGET_NAME)";
				SWIFT_VERSION = 5.0;
				TARGETED_DEVICE_FAMILY = "1,2";
				TEST_HOST = "$(BUILT_PRODUCTS_DIR)/Ecommerce.app/Ecommerce";
			};
			name = Release;
		};
		8FD59E73266A018D007F8FE9 /* Debug */ = {
			isa = XCBuildConfiguration;
			buildSettings = {
				ALWAYS_EMBED_SWIFT_STANDARD_LIBRARIES = YES;
				CODE_SIGN_STYLE = Automatic;
				DEVELOPMENT_TEAM = 94WY3HPZ4Q;
				INFOPLIST_FILE = EcommerceUITests/Info.plist;
				LD_RUNPATH_SEARCH_PATHS = (
					"$(inherited)",
					"@executable_path/Frameworks",
					"@loader_path/Frameworks",
				);
				PRODUCT_BUNDLE_IDENTIFIER = com.jasonou.EcommerceUITests;
				PRODUCT_NAME = "$(TARGET_NAME)";
				SWIFT_VERSION = 5.0;
				TARGETED_DEVICE_FAMILY = "1,2";
				TEST_TARGET_NAME = Ecommerce;
			};
			name = Debug;
		};
		8FD59E74266A018D007F8FE9 /* Release */ = {
			isa = XCBuildConfiguration;
			buildSettings = {
				ALWAYS_EMBED_SWIFT_STANDARD_LIBRARIES = YES;
				CODE_SIGN_STYLE = Automatic;
				DEVELOPMENT_TEAM = 94WY3HPZ4Q;
				INFOPLIST_FILE = EcommerceUITests/Info.plist;
				LD_RUNPATH_SEARCH_PATHS = (
					"$(inherited)",
					"@executable_path/Frameworks",
					"@loader_path/Frameworks",
				);
				PRODUCT_BUNDLE_IDENTIFIER = com.jasonou.EcommerceUITests;
				PRODUCT_NAME = "$(TARGET_NAME)";
				SWIFT_VERSION = 5.0;
				TARGETED_DEVICE_FAMILY = "1,2";
				TEST_TARGET_NAME = Ecommerce;
			};
			name = Release;
		};
/* End XCBuildConfiguration section */

/* Begin XCConfigurationList section */
		8FD59E3D266A018B007F8FE9 /* Build configuration list for PBXProject "Ecommerce" */ = {
			isa = XCConfigurationList;
			buildConfigurations = (
				8FD59E6A266A018D007F8FE9 /* Debug */,
				8FD59E6B266A018D007F8FE9 /* Release */,
			);
			defaultConfigurationIsVisible = 0;
			defaultConfigurationName = Release;
		};
		8FD59E6C266A018D007F8FE9 /* Build configuration list for PBXNativeTarget "Ecommerce" */ = {
			isa = XCConfigurationList;
			buildConfigurations = (
				8FD59E6D266A018D007F8FE9 /* Debug */,
				8FD59E6E266A018D007F8FE9 /* Release */,
			);
			defaultConfigurationIsVisible = 0;
			defaultConfigurationName = Release;
		};
		8FD59E6F266A018D007F8FE9 /* Build configuration list for PBXNativeTarget "EcommerceTests" */ = {
			isa = XCConfigurationList;
			buildConfigurations = (
				8FD59E70266A018D007F8FE9 /* Debug */,
				8FD59E71266A018D007F8FE9 /* Release */,
			);
			defaultConfigurationIsVisible = 0;
			defaultConfigurationName = Release;
		};
		8FD59E72266A018D007F8FE9 /* Build configuration list for PBXNativeTarget "EcommerceUITests" */ = {
			isa = XCConfigurationList;
			buildConfigurations = (
				8FD59E73266A018D007F8FE9 /* Debug */,
				8FD59E74266A018D007F8FE9 /* Release */,
			);
			defaultConfigurationIsVisible = 0;
			defaultConfigurationName = Release;
		};
/* End XCConfigurationList section */
	};
	rootObject = 8FD59E3A266A018B007F8FE9 /* Project object */;
}
