// !$*UTF8*$!
{
	archiveVersion = 1;
	classes = {
	};
	objectVersion = 51;
	objects = {

/* Begin PBXBuildFile section */
		5E8C76FB551124E1E3E6F5CD /* Pods_EcommerceAdmin.framework in Frameworks */ = {isa = PBXBuildFile; fileRef = 5831C387FEBA0BE18ADA5377 /* Pods_EcommerceAdmin.framework */; };
		8F4DB984266DFCC6005D0138 /* ProductsVC.swift in Sources */ = {isa = PBXBuildFile; fileRef = 8F4DB983266DFCC6005D0138 /* ProductsVC.swift */; };
		8F4DB985266DFCCE005D0138 /* ProductsVC.swift in Sources */ = {isa = PBXBuildFile; fileRef = 8F4DB983266DFCC6005D0138 /* ProductsVC.swift */; };
		8F4DB987266DFD26005D0138 /* Product.swift in Sources */ = {isa = PBXBuildFile; fileRef = 8F4DB986266DFD26005D0138 /* Product.swift */; };
		8F4DB988266DFD33005D0138 /* Product.swift in Sources */ = {isa = PBXBuildFile; fileRef = 8F4DB986266DFD26005D0138 /* Product.swift */; };
		8F4DB98B266DFDEC005D0138 /* ProductCell.swift in Sources */ = {isa = PBXBuildFile; fileRef = 8F4DB989266DFDEC005D0138 /* ProductCell.swift */; };
		8F4DB98C266DFDEC005D0138 /* ProductCell.swift in Sources */ = {isa = PBXBuildFile; fileRef = 8F4DB989266DFDEC005D0138 /* ProductCell.swift */; };
		8F4DB98D266DFDEC005D0138 /* ProductCell.xib in Resources */ = {isa = PBXBuildFile; fileRef = 8F4DB98A266DFDEC005D0138 /* ProductCell.xib */; };
		8F4DB98E266DFDEC005D0138 /* ProductCell.xib in Resources */ = {isa = PBXBuildFile; fileRef = 8F4DB98A266DFDEC005D0138 /* ProductCell.xib */; };
		8F831A66266DEC7E009D74DF /* Category.swift in Sources */ = {isa = PBXBuildFile; fileRef = 8F831A65266DEC7E009D74DF /* Category.swift */; };
		8F831A67266DEC7E009D74DF /* Category.swift in Sources */ = {isa = PBXBuildFile; fileRef = 8F831A65266DEC7E009D74DF /* Category.swift */; };
		8F831A6A266DEDC8009D74DF /* CategoryCell.swift in Sources */ = {isa = PBXBuildFile; fileRef = 8F831A68266DEDC8009D74DF /* CategoryCell.swift */; };
		8F831A6B266DEDC8009D74DF /* CategoryCell.swift in Sources */ = {isa = PBXBuildFile; fileRef = 8F831A68266DEDC8009D74DF /* CategoryCell.swift */; };
		8F831A6C266DEDC8009D74DF /* CategoryCell.xib in Resources */ = {isa = PBXBuildFile; fileRef = 8F831A69266DEDC8009D74DF /* CategoryCell.xib */; };
		8F831A6D266DEDC8009D74DF /* CategoryCell.xib in Resources */ = {isa = PBXBuildFile; fileRef = 8F831A69266DEDC8009D74DF /* CategoryCell.xib */; };
		8FD59E46266A018B007F8FE9 /* AppDelegate.swift in Sources */ = {isa = PBXBuildFile; fileRef = 8FD59E45266A018B007F8FE9 /* AppDelegate.swift */; };
		8FD59E48266A018B007F8FE9 /* SceneDelegate.swift in Sources */ = {isa = PBXBuildFile; fileRef = 8FD59E47266A018B007F8FE9 /* SceneDelegate.swift */; };
		8FD59E4A266A018B007F8FE9 /* HomeVC.swift in Sources */ = {isa = PBXBuildFile; fileRef = 8FD59E49266A018B007F8FE9 /* HomeVC.swift */; };
		8FD59E4F266A018D007F8FE9 /* Assets.xcassets in Resources */ = {isa = PBXBuildFile; fileRef = 8FD59E4E266A018D007F8FE9 /* Assets.xcassets */; };
		8FD59E52266A018D007F8FE9 /* LaunchScreen.storyboard in Resources */ = {isa = PBXBuildFile; fileRef = 8FD59E50266A018D007F8FE9 /* LaunchScreen.storyboard */; };
		8FD59E5D266A018D007F8FE9 /* EcommerceTests.swift in Sources */ = {isa = PBXBuildFile; fileRef = 8FD59E5C266A018D007F8FE9 /* EcommerceTests.swift */; };
		8FD59E68266A018D007F8FE9 /* EcommerceUITests.swift in Sources */ = {isa = PBXBuildFile; fileRef = 8FD59E67266A018D007F8FE9 /* EcommerceUITests.swift */; };
		8FD59E7C266A027B007F8FE9 /* AppDelegate.swift in Sources */ = {isa = PBXBuildFile; fileRef = 8FD59E7B266A027B007F8FE9 /* AppDelegate.swift */; };
		8FD59E7E266A027B007F8FE9 /* SceneDelegate.swift in Sources */ = {isa = PBXBuildFile; fileRef = 8FD59E7D266A027B007F8FE9 /* SceneDelegate.swift */; };
		8FD59E80266A027B007F8FE9 /* ViewController.swift in Sources */ = {isa = PBXBuildFile; fileRef = 8FD59E7F266A027B007F8FE9 /* ViewController.swift */; };
		8FD59E83266A027B007F8FE9 /* Main.storyboard in Resources */ = {isa = PBXBuildFile; fileRef = 8FD59E81266A027B007F8FE9 /* Main.storyboard */; };
		8FD59E88266A027D007F8FE9 /* LaunchScreen.storyboard in Resources */ = {isa = PBXBuildFile; fileRef = 8FD59E86266A027D007F8FE9 /* LaunchScreen.storyboard */; };
		8FD59E93266A027D007F8FE9 /* EcommerceAdminTests.swift in Sources */ = {isa = PBXBuildFile; fileRef = 8FD59E92266A027D007F8FE9 /* EcommerceAdminTests.swift */; };
		8FD59E9E266A027D007F8FE9 /* EcommerceAdminUITests.swift in Sources */ = {isa = PBXBuildFile; fileRef = 8FD59E9D266A027D007F8FE9 /* EcommerceAdminUITests.swift */; };
		8FD59EAA266A0331007F8FE9 /* Assets.xcassets in Resources */ = {isa = PBXBuildFile; fileRef = 8FD59E4E266A018D007F8FE9 /* Assets.xcassets */; };
		8FD59EAC266A0D1F007F8FE9 /* LoginStoryBoard.storyboard in Resources */ = {isa = PBXBuildFile; fileRef = 8FD59EAB266A0D1F007F8FE9 /* LoginStoryBoard.storyboard */; };
		8FD59EAE266A4BEF007F8FE9 /* GoogleService-Info.plist in Resources */ = {isa = PBXBuildFile; fileRef = 8FD59EAD266A4BEF007F8FE9 /* GoogleService-Info.plist */; };
		8FD59EB0266A5204007F8FE9 /* GoogleService-Info.plist in Resources */ = {isa = PBXBuildFile; fileRef = 8FD59EAF266A5203007F8FE9 /* GoogleService-Info.plist */; };
		8FD59EB6266B14D2007F8FE9 /* LoginVC.swift in Sources */ = {isa = PBXBuildFile; fileRef = 8FD59EB5266B14D2007F8FE9 /* LoginVC.swift */; };
		8FD59EB8266B14E4007F8FE9 /* RegisterVC.swift in Sources */ = {isa = PBXBuildFile; fileRef = 8FD59EB7266B14E4007F8FE9 /* RegisterVC.swift */; };
		8FD59EBB266B2E4C007F8FE9 /* Extensions.swift in Sources */ = {isa = PBXBuildFile; fileRef = 8FD59EBA266B2E4C007F8FE9 /* Extensions.swift */; };
		8FD59EBD266BB27E007F8FE9 /* Constants.swift in Sources */ = {isa = PBXBuildFile; fileRef = 8FD59EBC266BB27E007F8FE9 /* Constants.swift */; };
		8FD59EC1266BB768007F8FE9 /* RoundedViews.swift in Sources */ = {isa = PBXBuildFile; fileRef = 8FD59EC0266BB768007F8FE9 /* RoundedViews.swift */; };
		8FD59EC5266CF8ED007F8FE9 /* ForgotPasswordVC.swift in Sources */ = {isa = PBXBuildFile; fileRef = 8FD59EC3266CF8ED007F8FE9 /* ForgotPasswordVC.swift */; };
		8FD59EC6266CF8ED007F8FE9 /* ForgotPasswordVC.xib in Resources */ = {isa = PBXBuildFile; fileRef = 8FD59EC4266CF8ED007F8FE9 /* ForgotPasswordVC.xib */; };
		8FD59EC8266DC79C007F8FE9 /* Firebase+Utilities.swift in Sources */ = {isa = PBXBuildFile; fileRef = 8FD59EC7266DC79C007F8FE9 /* Firebase+Utilities.swift */; };
		8FD59EC9266DCA1F007F8FE9 /* Firebase+Utilities.swift in Sources */ = {isa = PBXBuildFile; fileRef = 8FD59EC7266DC79C007F8FE9 /* Firebase+Utilities.swift */; };
		8FD59ECC266DD759007F8FE9 /* Main.storyboard in Resources */ = {isa = PBXBuildFile; fileRef = 8FD59ECA266DD755007F8FE9 /* Main.storyboard */; };
		F72F58E8B5ED76819DBA1E86 /* Pods_Ecommerce.framework in Frameworks */ = {isa = PBXBuildFile; fileRef = B66193E898F30C96068BB28C /* Pods_Ecommerce.framework */; };
/* End PBXBuildFile section */

/* Begin PBXContainerItemProxy section */
		8FD59E59266A018D007F8FE9 /* PBXContainerItemProxy */ = {
			isa = PBXContainerItemProxy;
			containerPortal = 8FD59E3A266A018B007F8FE9 /* Project object */;
			proxyType = 1;
			remoteGlobalIDString = 8FD59E41266A018B007F8FE9;
			remoteInfo = Ecommerce;
		};
		8FD59E64266A018D007F8FE9 /* PBXContainerItemProxy */ = {
			isa = PBXContainerItemProxy;
			containerPortal = 8FD59E3A266A018B007F8FE9 /* Project object */;
			proxyType = 1;
			remoteGlobalIDString = 8FD59E41266A018B007F8FE9;
			remoteInfo = Ecommerce;
		};
		8FD59E8F266A027D007F8FE9 /* PBXContainerItemProxy */ = {
			isa = PBXContainerItemProxy;
			containerPortal = 8FD59E3A266A018B007F8FE9 /* Project object */;
			proxyType = 1;
			remoteGlobalIDString = 8FD59E78266A027B007F8FE9;
			remoteInfo = EcommerceAdmin;
		};
		8FD59E9A266A027D007F8FE9 /* PBXContainerItemProxy */ = {
			isa = PBXContainerItemProxy;
			containerPortal = 8FD59E3A266A018B007F8FE9 /* Project object */;
			proxyType = 1;
			remoteGlobalIDString = 8FD59E78266A027B007F8FE9;
			remoteInfo = EcommerceAdmin;
		};
/* End PBXContainerItemProxy section */

/* Begin PBXFileReference section */
		07E2F072AA7A883BB3C6EE16 /* Pods-Ecommerce.debug.xcconfig */ = {isa = PBXFileReference; includeInIndex = 1; lastKnownFileType = text.xcconfig; name = "Pods-Ecommerce.debug.xcconfig"; path = "Target Support Files/Pods-Ecommerce/Pods-Ecommerce.debug.xcconfig"; sourceTree = "<group>"; };
		5831C387FEBA0BE18ADA5377 /* Pods_EcommerceAdmin.framework */ = {isa = PBXFileReference; explicitFileType = wrapper.framework; includeInIndex = 0; path = Pods_EcommerceAdmin.framework; sourceTree = BUILT_PRODUCTS_DIR; };
		787834C2FB87B214EE8E4169 /* Pods-Ecommerce.release.xcconfig */ = {isa = PBXFileReference; includeInIndex = 1; lastKnownFileType = text.xcconfig; name = "Pods-Ecommerce.release.xcconfig"; path = "Target Support Files/Pods-Ecommerce/Pods-Ecommerce.release.xcconfig"; sourceTree = "<group>"; };
		7F4E9F966CC5CBD3EF2A64AF /* Pods-EcommerceAdmin.debug.xcconfig */ = {isa = PBXFileReference; includeInIndex = 1; lastKnownFileType = text.xcconfig; name = "Pods-EcommerceAdmin.debug.xcconfig"; path = "Target Support Files/Pods-EcommerceAdmin/Pods-EcommerceAdmin.debug.xcconfig"; sourceTree = "<group>"; };
		8F4DB983266DFCC6005D0138 /* ProductsVC.swift */ = {isa = PBXFileReference; lastKnownFileType = sourcecode.swift; path = ProductsVC.swift; sourceTree = "<group>"; };
		8F4DB986266DFD26005D0138 /* Product.swift */ = {isa = PBXFileReference; lastKnownFileType = sourcecode.swift; path = Product.swift; sourceTree = "<group>"; };
		8F4DB989266DFDEC005D0138 /* ProductCell.swift */ = {isa = PBXFileReference; lastKnownFileType = sourcecode.swift; path = ProductCell.swift; sourceTree = "<group>"; };
		8F4DB98A266DFDEC005D0138 /* ProductCell.xib */ = {isa = PBXFileReference; lastKnownFileType = file.xib; path = ProductCell.xib; sourceTree = "<group>"; };
		8F831A65266DEC7E009D74DF /* Category.swift */ = {isa = PBXFileReference; lastKnownFileType = sourcecode.swift; path = Category.swift; sourceTree = "<group>"; };
		8F831A68266DEDC8009D74DF /* CategoryCell.swift */ = {isa = PBXFileReference; lastKnownFileType = sourcecode.swift; path = CategoryCell.swift; sourceTree = "<group>"; };
		8F831A69266DEDC8009D74DF /* CategoryCell.xib */ = {isa = PBXFileReference; lastKnownFileType = file.xib; path = CategoryCell.xib; sourceTree = "<group>"; };
		8FD59E42266A018B007F8FE9 /* Ecommerce.app */ = {isa = PBXFileReference; explicitFileType = wrapper.application; includeInIndex = 0; path = Ecommerce.app; sourceTree = BUILT_PRODUCTS_DIR; };
		8FD59E45266A018B007F8FE9 /* AppDelegate.swift */ = {isa = PBXFileReference; lastKnownFileType = sourcecode.swift; path = AppDelegate.swift; sourceTree = "<group>"; };
		8FD59E47266A018B007F8FE9 /* SceneDelegate.swift */ = {isa = PBXFileReference; lastKnownFileType = sourcecode.swift; path = SceneDelegate.swift; sourceTree = "<group>"; };
		8FD59E49266A018B007F8FE9 /* HomeVC.swift */ = {isa = PBXFileReference; lastKnownFileType = sourcecode.swift; path = HomeVC.swift; sourceTree = "<group>"; };
		8FD59E4E266A018D007F8FE9 /* Assets.xcassets */ = {isa = PBXFileReference; lastKnownFileType = folder.assetcatalog; path = Assets.xcassets; sourceTree = "<group>"; };
		8FD59E51266A018D007F8FE9 /* Base */ = {isa = PBXFileReference; lastKnownFileType = file.storyboard; name = Base; path = Base.lproj/LaunchScreen.storyboard; sourceTree = "<group>"; };
		8FD59E53266A018D007F8FE9 /* Info.plist */ = {isa = PBXFileReference; lastKnownFileType = text.plist.xml; path = Info.plist; sourceTree = "<group>"; };
		8FD59E58266A018D007F8FE9 /* EcommerceTests.xctest */ = {isa = PBXFileReference; explicitFileType = wrapper.cfbundle; includeInIndex = 0; path = EcommerceTests.xctest; sourceTree = BUILT_PRODUCTS_DIR; };
		8FD59E5C266A018D007F8FE9 /* EcommerceTests.swift */ = {isa = PBXFileReference; lastKnownFileType = sourcecode.swift; path = EcommerceTests.swift; sourceTree = "<group>"; };
		8FD59E5E266A018D007F8FE9 /* Info.plist */ = {isa = PBXFileReference; lastKnownFileType = text.plist.xml; path = Info.plist; sourceTree = "<group>"; };
		8FD59E63266A018D007F8FE9 /* EcommerceUITests.xctest */ = {isa = PBXFileReference; explicitFileType = wrapper.cfbundle; includeInIndex = 0; path = EcommerceUITests.xctest; sourceTree = BUILT_PRODUCTS_DIR; };
		8FD59E67266A018D007F8FE9 /* EcommerceUITests.swift */ = {isa = PBXFileReference; lastKnownFileType = sourcecode.swift; path = EcommerceUITests.swift; sourceTree = "<group>"; };
		8FD59E69266A018D007F8FE9 /* Info.plist */ = {isa = PBXFileReference; lastKnownFileType = text.plist.xml; path = Info.plist; sourceTree = "<group>"; };
		8FD59E79266A027B007F8FE9 /* EcommerceAdmin.app */ = {isa = PBXFileReference; explicitFileType = wrapper.application; includeInIndex = 0; path = EcommerceAdmin.app; sourceTree = BUILT_PRODUCTS_DIR; };
		8FD59E7B266A027B007F8FE9 /* AppDelegate.swift */ = {isa = PBXFileReference; lastKnownFileType = sourcecode.swift; path = AppDelegate.swift; sourceTree = "<group>"; };
		8FD59E7D266A027B007F8FE9 /* SceneDelegate.swift */ = {isa = PBXFileReference; lastKnownFileType = sourcecode.swift; path = SceneDelegate.swift; sourceTree = "<group>"; };
		8FD59E7F266A027B007F8FE9 /* ViewController.swift */ = {isa = PBXFileReference; lastKnownFileType = sourcecode.swift; path = ViewController.swift; sourceTree = "<group>"; };
		8FD59E82266A027B007F8FE9 /* Base */ = {isa = PBXFileReference; lastKnownFileType = file.storyboard; name = Base; path = Base.lproj/Main.storyboard; sourceTree = "<group>"; };
		8FD59E87266A027D007F8FE9 /* Base */ = {isa = PBXFileReference; lastKnownFileType = file.storyboard; name = Base; path = Base.lproj/LaunchScreen.storyboard; sourceTree = "<group>"; };
		8FD59E89266A027D007F8FE9 /* Info.plist */ = {isa = PBXFileReference; lastKnownFileType = text.plist.xml; path = Info.plist; sourceTree = "<group>"; };
		8FD59E8E266A027D007F8FE9 /* EcommerceAdminTests.xctest */ = {isa = PBXFileReference; explicitFileType = wrapper.cfbundle; includeInIndex = 0; path = EcommerceAdminTests.xctest; sourceTree = BUILT_PRODUCTS_DIR; };
		8FD59E92266A027D007F8FE9 /* EcommerceAdminTests.swift */ = {isa = PBXFileReference; lastKnownFileType = sourcecode.swift; path = EcommerceAdminTests.swift; sourceTree = "<group>"; };
		8FD59E94266A027D007F8FE9 /* Info.plist */ = {isa = PBXFileReference; lastKnownFileType = text.plist.xml; path = Info.plist; sourceTree = "<group>"; };
		8FD59E99266A027D007F8FE9 /* EcommerceAdminUITests.xctest */ = {isa = PBXFileReference; explicitFileType = wrapper.cfbundle; includeInIndex = 0; path = EcommerceAdminUITests.xctest; sourceTree = BUILT_PRODUCTS_DIR; };
		8FD59E9D266A027D007F8FE9 /* EcommerceAdminUITests.swift */ = {isa = PBXFileReference; lastKnownFileType = sourcecode.swift; path = EcommerceAdminUITests.swift; sourceTree = "<group>"; };
		8FD59E9F266A027D007F8FE9 /* Info.plist */ = {isa = PBXFileReference; lastKnownFileType = text.plist.xml; path = Info.plist; sourceTree = "<group>"; };
		8FD59EAB266A0D1F007F8FE9 /* LoginStoryBoard.storyboard */ = {isa = PBXFileReference; lastKnownFileType = file.storyboard; path = LoginStoryBoard.storyboard; sourceTree = "<group>"; };
		8FD59EAD266A4BEF007F8FE9 /* GoogleService-Info.plist */ = {isa = PBXFileReference; fileEncoding = 4; lastKnownFileType = text.plist.xml; path = "GoogleService-Info.plist"; sourceTree = "<group>"; };
		8FD59EAF266A5203007F8FE9 /* GoogleService-Info.plist */ = {isa = PBXFileReference; fileEncoding = 4; lastKnownFileType = text.plist.xml; path = "GoogleService-Info.plist"; sourceTree = "<group>"; };
		8FD59EB5266B14D2007F8FE9 /* LoginVC.swift */ = {isa = PBXFileReference; lastKnownFileType = sourcecode.swift; path = LoginVC.swift; sourceTree = "<group>"; };
		8FD59EB7266B14E4007F8FE9 /* RegisterVC.swift */ = {isa = PBXFileReference; lastKnownFileType = sourcecode.swift; path = RegisterVC.swift; sourceTree = "<group>"; };
		8FD59EBA266B2E4C007F8FE9 /* Extensions.swift */ = {isa = PBXFileReference; lastKnownFileType = sourcecode.swift; path = Extensions.swift; sourceTree = "<group>"; };
		8FD59EBC266BB27E007F8FE9 /* Constants.swift */ = {isa = PBXFileReference; lastKnownFileType = sourcecode.swift; path = Constants.swift; sourceTree = "<group>"; };
		8FD59EC0266BB768007F8FE9 /* RoundedViews.swift */ = {isa = PBXFileReference; lastKnownFileType = sourcecode.swift; path = RoundedViews.swift; sourceTree = "<group>"; };
		8FD59EC3266CF8ED007F8FE9 /* ForgotPasswordVC.swift */ = {isa = PBXFileReference; lastKnownFileType = sourcecode.swift; path = ForgotPasswordVC.swift; sourceTree = "<group>"; };
		8FD59EC4266CF8ED007F8FE9 /* ForgotPasswordVC.xib */ = {isa = PBXFileReference; lastKnownFileType = file.xib; path = ForgotPasswordVC.xib; sourceTree = "<group>"; };
		8FD59EC7266DC79C007F8FE9 /* Firebase+Utilities.swift */ = {isa = PBXFileReference; lastKnownFileType = sourcecode.swift; path = "Firebase+Utilities.swift"; sourceTree = "<group>"; };
		8FD59ECB266DD756007F8FE9 /* Base */ = {isa = PBXFileReference; lastKnownFileType = file.storyboard; name = Base; path = Base.lproj/Main.storyboard; sourceTree = "<group>"; };
		B66193E898F30C96068BB28C /* Pods_Ecommerce.framework */ = {isa = PBXFileReference; explicitFileType = wrapper.framework; includeInIndex = 0; path = Pods_Ecommerce.framework; sourceTree = BUILT_PRODUCTS_DIR; };
		C9F8044E44D422E6B9AB5F7E /* Pods-EcommerceAdmin.release.xcconfig */ = {isa = PBXFileReference; includeInIndex = 1; lastKnownFileType = text.xcconfig; name = "Pods-EcommerceAdmin.release.xcconfig"; path = "Target Support Files/Pods-EcommerceAdmin/Pods-EcommerceAdmin.release.xcconfig"; sourceTree = "<group>"; };
/* End PBXFileReference section */

/* Begin PBXFrameworksBuildPhase section */
		8FD59E3F266A018B007F8FE9 /* Frameworks */ = {
			isa = PBXFrameworksBuildPhase;
			buildActionMask = 2147483647;
			files = (
				F72F58E8B5ED76819DBA1E86 /* Pods_Ecommerce.framework in Frameworks */,
			);
			runOnlyForDeploymentPostprocessing = 0;
		};
		8FD59E55266A018D007F8FE9 /* Frameworks */ = {
			isa = PBXFrameworksBuildPhase;
			buildActionMask = 2147483647;
			files = (
			);
			runOnlyForDeploymentPostprocessing = 0;
		};
		8FD59E60266A018D007F8FE9 /* Frameworks */ = {
			isa = PBXFrameworksBuildPhase;
			buildActionMask = 2147483647;
			files = (
			);
			runOnlyForDeploymentPostprocessing = 0;
		};
		8FD59E76266A027B007F8FE9 /* Frameworks */ = {
			isa = PBXFrameworksBuildPhase;
			buildActionMask = 2147483647;
			files = (
				5E8C76FB551124E1E3E6F5CD /* Pods_EcommerceAdmin.framework in Frameworks */,
			);
			runOnlyForDeploymentPostprocessing = 0;
		};
		8FD59E8B266A027D007F8FE9 /* Frameworks */ = {
			isa = PBXFrameworksBuildPhase;
			buildActionMask = 2147483647;
			files = (
			);
			runOnlyForDeploymentPostprocessing = 0;
		};
		8FD59E96266A027D007F8FE9 /* Frameworks */ = {
			isa = PBXFrameworksBuildPhase;
			buildActionMask = 2147483647;
			files = (
			);
			runOnlyForDeploymentPostprocessing = 0;
		};
/* End PBXFrameworksBuildPhase section */

/* Begin PBXGroup section */
		64BB44DAA6DFFC2313C22FE3 /* Frameworks */ = {
			isa = PBXGroup;
			children = (
				B66193E898F30C96068BB28C /* Pods_Ecommerce.framework */,
				5831C387FEBA0BE18ADA5377 /* Pods_EcommerceAdmin.framework */,
			);
			name = Frameworks;
			sourceTree = "<group>";
		};
		8F831A6E266DEDD5009D74DF /* Xibs */ = {
			isa = PBXGroup;
			children = (
				8F831A69266DEDC8009D74DF /* CategoryCell.xib */,
				8F4DB98A266DFDEC005D0138 /* ProductCell.xib */,
			);
			path = Xibs;
			sourceTree = "<group>";
		};
		8FD59E39266A018B007F8FE9 = {
			isa = PBXGroup;
			children = (
				8FD59EA9266A0309007F8FE9 /* Shared */,
				8FD59E44266A018B007F8FE9 /* Ecommerce */,
				8FD59E7A266A027B007F8FE9 /* EcommerceAdmin */,
				8FD59E5B266A018D007F8FE9 /* EcommerceTests */,
				8FD59E66266A018D007F8FE9 /* EcommerceUITests */,
				8FD59E91266A027D007F8FE9 /* EcommerceAdminTests */,
				8FD59E9C266A027D007F8FE9 /* EcommerceAdminUITests */,
				8FD59E43266A018B007F8FE9 /* Products */,
				96C0EAAD75ED4572C988C69F /* Pods */,
				64BB44DAA6DFFC2313C22FE3 /* Frameworks */,
			);
			sourceTree = "<group>";
		};
		8FD59E43266A018B007F8FE9 /* Products */ = {
			isa = PBXGroup;
			children = (
				8FD59E42266A018B007F8FE9 /* Ecommerce.app */,
				8FD59E58266A018D007F8FE9 /* EcommerceTests.xctest */,
				8FD59E63266A018D007F8FE9 /* EcommerceUITests.xctest */,
				8FD59E79266A027B007F8FE9 /* EcommerceAdmin.app */,
				8FD59E8E266A027D007F8FE9 /* EcommerceAdminTests.xctest */,
				8FD59E99266A027D007F8FE9 /* EcommerceAdminUITests.xctest */,
			);
			name = Products;
			sourceTree = "<group>";
		};
		8FD59E44266A018B007F8FE9 /* Ecommerce */ = {
			isa = PBXGroup;
			children = (
				8FD59EC2266CF8C1007F8FE9 /* XIBs */,
				8FD59EB2266B1407007F8FE9 /* View */,
				8FD59EB1266B13FE007F8FE9 /* Controller */,
				8FD59EB4266B1413007F8FE9 /* Storyboards */,
				8FD59E53266A018D007F8FE9 /* Info.plist */,
				8FD59EAD266A4BEF007F8FE9 /* GoogleService-Info.plist */,
			);
			path = Ecommerce;
			sourceTree = "<group>";
		};
		8FD59E5B266A018D007F8FE9 /* EcommerceTests */ = {
			isa = PBXGroup;
			children = (
				8FD59E5C266A018D007F8FE9 /* EcommerceTests.swift */,
				8FD59E5E266A018D007F8FE9 /* Info.plist */,
			);
			path = EcommerceTests;
			sourceTree = "<group>";
		};
		8FD59E66266A018D007F8FE9 /* EcommerceUITests */ = {
			isa = PBXGroup;
			children = (
				8FD59E67266A018D007F8FE9 /* EcommerceUITests.swift */,
				8FD59E69266A018D007F8FE9 /* Info.plist */,
			);
			path = EcommerceUITests;
			sourceTree = "<group>";
		};
		8FD59E7A266A027B007F8FE9 /* EcommerceAdmin */ = {
			isa = PBXGroup;
			children = (
				8FD59E7B266A027B007F8FE9 /* AppDelegate.swift */,
				8FD59E7D266A027B007F8FE9 /* SceneDelegate.swift */,
				8FD59E7F266A027B007F8FE9 /* ViewController.swift */,
				8FD59E81266A027B007F8FE9 /* Main.storyboard */,
				8FD59E86266A027D007F8FE9 /* LaunchScreen.storyboard */,
				8FD59E89266A027D007F8FE9 /* Info.plist */,
				8FD59EAF266A5203007F8FE9 /* GoogleService-Info.plist */,
			);
			path = EcommerceAdmin;
			sourceTree = "<group>";
		};
		8FD59E91266A027D007F8FE9 /* EcommerceAdminTests */ = {
			isa = PBXGroup;
			children = (
				8FD59E92266A027D007F8FE9 /* EcommerceAdminTests.swift */,
				8FD59E94266A027D007F8FE9 /* Info.plist */,
			);
			path = EcommerceAdminTests;
			sourceTree = "<group>";
		};
		8FD59E9C266A027D007F8FE9 /* EcommerceAdminUITests */ = {
			isa = PBXGroup;
			children = (
				8FD59E9D266A027D007F8FE9 /* EcommerceAdminUITests.swift */,
				8FD59E9F266A027D007F8FE9 /* Info.plist */,
			);
			path = EcommerceAdminUITests;
			sourceTree = "<group>";
		};
		8FD59EA9266A0309007F8FE9 /* Shared */ = {
			isa = PBXGroup;
			children = (
				8FD59EB3266B140D007F8FE9 /* Model */,
				8F831A6E266DEDD5009D74DF /* Xibs */,
				8FD59EBF266BB752007F8FE9 /* Views */,
				8FD59EB9266B2E3A007F8FE9 /* Utilities */,
				8FD59E4E266A018D007F8FE9 /* Assets.xcassets */,
			);
			path = Shared;
			sourceTree = "<group>";
		};
		8FD59EB1266B13FE007F8FE9 /* Controller */ = {
			isa = PBXGroup;
			children = (
				8FD59EB5266B14D2007F8FE9 /* LoginVC.swift */,
				8FD59EB7266B14E4007F8FE9 /* RegisterVC.swift */,
				8FD59E49266A018B007F8FE9 /* HomeVC.swift */,
				8F4DB983266DFCC6005D0138 /* ProductsVC.swift */,
				8FD59E45266A018B007F8FE9 /* AppDelegate.swift */,
				8FD59E47266A018B007F8FE9 /* SceneDelegate.swift */,
			);
			path = Controller;
			sourceTree = "<group>";
		};
		8FD59EB2266B1407007F8FE9 /* View */ = {
			isa = PBXGroup;
			children = (
			);
			path = View;
			sourceTree = "<group>";
		};
		8FD59EB3266B140D007F8FE9 /* Model */ = {
			isa = PBXGroup;
			children = (
				8F831A65266DEC7E009D74DF /* Category.swift */,
				8F4DB986266DFD26005D0138 /* Product.swift */,
			);
			path = Model;
			sourceTree = "<group>";
		};
		8FD59EB4266B1413007F8FE9 /* Storyboards */ = {
			isa = PBXGroup;
			children = (
				8FD59EAB266A0D1F007F8FE9 /* LoginStoryBoard.storyboard */,
				8FD59ECA266DD755007F8FE9 /* Main.storyboard */,
				8FD59E50266A018D007F8FE9 /* LaunchScreen.storyboard */,
			);
			path = Storyboards;
			sourceTree = "<group>";
		};
		8FD59EB9266B2E3A007F8FE9 /* Utilities */ = {
			isa = PBXGroup;
			children = (
				8FD59EBA266B2E4C007F8FE9 /* Extensions.swift */,
				8FD59EBC266BB27E007F8FE9 /* Constants.swift */,
				8FD59EC7266DC79C007F8FE9 /* Firebase+Utilities.swift */,
			);
			path = Utilities;
			sourceTree = "<group>";
		};
		8FD59EBF266BB752007F8FE9 /* Views */ = {
			isa = PBXGroup;
			children = (
				8FD59EC0266BB768007F8FE9 /* RoundedViews.swift */,
				8F831A68266DEDC8009D74DF /* CategoryCell.swift */,
				8F4DB989266DFDEC005D0138 /* ProductCell.swift */,
			);
			path = Views;
			sourceTree = "<group>";
		};
		8FD59EC2266CF8C1007F8FE9 /* XIBs */ = {
			isa = PBXGroup;
			children = (
				8FD59EC3266CF8ED007F8FE9 /* ForgotPasswordVC.swift */,
				8FD59EC4266CF8ED007F8FE9 /* ForgotPasswordVC.xib */,
			);
			path = XIBs;
			sourceTree = "<group>";
		};
		96C0EAAD75ED4572C988C69F /* Pods */ = {
			isa = PBXGroup;
			children = (
				07E2F072AA7A883BB3C6EE16 /* Pods-Ecommerce.debug.xcconfig */,
				787834C2FB87B214EE8E4169 /* Pods-Ecommerce.release.xcconfig */,
				7F4E9F966CC5CBD3EF2A64AF /* Pods-EcommerceAdmin.debug.xcconfig */,
				C9F8044E44D422E6B9AB5F7E /* Pods-EcommerceAdmin.release.xcconfig */,
			);
			path = Pods;
			sourceTree = "<group>";
		};
/* End PBXGroup section */

/* Begin PBXNativeTarget section */
		8FD59E41266A018B007F8FE9 /* Ecommerce */ = {
			isa = PBXNativeTarget;
			buildConfigurationList = 8FD59E6C266A018D007F8FE9 /* Build configuration list for PBXNativeTarget "Ecommerce" */;
			buildPhases = (
				7B1572A3BC292D721E18CD99 /* [CP] Check Pods Manifest.lock */,
				8FD59E3E266A018B007F8FE9 /* Sources */,
				8FD59E3F266A018B007F8FE9 /* Frameworks */,
				8FD59E40266A018B007F8FE9 /* Resources */,
				7128E173EEBCCCE4202B8472 /* [CP] Embed Pods Frameworks */,
			);
			buildRules = (
			);
			dependencies = (
			);
			name = Ecommerce;
			productName = Ecommerce;
			productReference = 8FD59E42266A018B007F8FE9 /* Ecommerce.app */;
			productType = "com.apple.product-type.application";
		};
		8FD59E57266A018D007F8FE9 /* EcommerceTests */ = {
			isa = PBXNativeTarget;
			buildConfigurationList = 8FD59E6F266A018D007F8FE9 /* Build configuration list for PBXNativeTarget "EcommerceTests" */;
			buildPhases = (
				8FD59E54266A018D007F8FE9 /* Sources */,
				8FD59E55266A018D007F8FE9 /* Frameworks */,
				8FD59E56266A018D007F8FE9 /* Resources */,
			);
			buildRules = (
			);
			dependencies = (
				8FD59E5A266A018D007F8FE9 /* PBXTargetDependency */,
			);
			name = EcommerceTests;
			productName = EcommerceTests;
			productReference = 8FD59E58266A018D007F8FE9 /* EcommerceTests.xctest */;
			productType = "com.apple.product-type.bundle.unit-test";
		};
		8FD59E62266A018D007F8FE9 /* EcommerceUITests */ = {
			isa = PBXNativeTarget;
			buildConfigurationList = 8FD59E72266A018D007F8FE9 /* Build configuration list for PBXNativeTarget "EcommerceUITests" */;
			buildPhases = (
				8FD59E5F266A018D007F8FE9 /* Sources */,
				8FD59E60266A018D007F8FE9 /* Frameworks */,
				8FD59E61266A018D007F8FE9 /* Resources */,
			);
			buildRules = (
			);
			dependencies = (
				8FD59E65266A018D007F8FE9 /* PBXTargetDependency */,
			);
			name = EcommerceUITests;
			productName = EcommerceUITests;
			productReference = 8FD59E63266A018D007F8FE9 /* EcommerceUITests.xctest */;
			productType = "com.apple.product-type.bundle.ui-testing";
		};
		8FD59E78266A027B007F8FE9 /* EcommerceAdmin */ = {
			isa = PBXNativeTarget;
			buildConfigurationList = 8FD59EA0266A027D007F8FE9 /* Build configuration list for PBXNativeTarget "EcommerceAdmin" */;
			buildPhases = (
				F9171B3532BA979E0BCA66E4 /* [CP] Check Pods Manifest.lock */,
				8FD59E75266A027B007F8FE9 /* Sources */,
				8FD59E76266A027B007F8FE9 /* Frameworks */,
				8FD59E77266A027B007F8FE9 /* Resources */,
				8F41636C7C61A6B6DC198DF3 /* [CP] Embed Pods Frameworks */,
			);
			buildRules = (
			);
			dependencies = (
			);
			name = EcommerceAdmin;
			productName = EcommerceAdmin;
			productReference = 8FD59E79266A027B007F8FE9 /* EcommerceAdmin.app */;
			productType = "com.apple.product-type.application";
		};
		8FD59E8D266A027D007F8FE9 /* EcommerceAdminTests */ = {
			isa = PBXNativeTarget;
			buildConfigurationList = 8FD59EA3266A027D007F8FE9 /* Build configuration list for PBXNativeTarget "EcommerceAdminTests" */;
			buildPhases = (
				8FD59E8A266A027D007F8FE9 /* Sources */,
				8FD59E8B266A027D007F8FE9 /* Frameworks */,
				8FD59E8C266A027D007F8FE9 /* Resources */,
			);
			buildRules = (
			);
			dependencies = (
				8FD59E90266A027D007F8FE9 /* PBXTargetDependency */,
			);
			name = EcommerceAdminTests;
			productName = EcommerceAdminTests;
			productReference = 8FD59E8E266A027D007F8FE9 /* EcommerceAdminTests.xctest */;
			productType = "com.apple.product-type.bundle.unit-test";
		};
		8FD59E98266A027D007F8FE9 /* EcommerceAdminUITests */ = {
			isa = PBXNativeTarget;
			buildConfigurationList = 8FD59EA6266A027D007F8FE9 /* Build configuration list for PBXNativeTarget "EcommerceAdminUITests" */;
			buildPhases = (
				8FD59E95266A027D007F8FE9 /* Sources */,
				8FD59E96266A027D007F8FE9 /* Frameworks */,
				8FD59E97266A027D007F8FE9 /* Resources */,
			);
			buildRules = (
			);
			dependencies = (
				8FD59E9B266A027D007F8FE9 /* PBXTargetDependency */,
			);
			name = EcommerceAdminUITests;
			productName = EcommerceAdminUITests;
			productReference = 8FD59E99266A027D007F8FE9 /* EcommerceAdminUITests.xctest */;
			productType = "com.apple.product-type.bundle.ui-testing";
		};
/* End PBXNativeTarget section */

/* Begin PBXProject section */
		8FD59E3A266A018B007F8FE9 /* Project object */ = {
			isa = PBXProject;
			attributes = {
				LastSwiftUpdateCheck = 1250;
				LastUpgradeCheck = 1250;
				TargetAttributes = {
					8FD59E41266A018B007F8FE9 = {
						CreatedOnToolsVersion = 12.5;
					};
					8FD59E57266A018D007F8FE9 = {
						CreatedOnToolsVersion = 12.5;
						TestTargetID = 8FD59E41266A018B007F8FE9;
					};
					8FD59E62266A018D007F8FE9 = {
						CreatedOnToolsVersion = 12.5;
						TestTargetID = 8FD59E41266A018B007F8FE9;
					};
					8FD59E78266A027B007F8FE9 = {
						CreatedOnToolsVersion = 12.5;
					};
					8FD59E8D266A027D007F8FE9 = {
						CreatedOnToolsVersion = 12.5;
						TestTargetID = 8FD59E78266A027B007F8FE9;
					};
					8FD59E98266A027D007F8FE9 = {
						CreatedOnToolsVersion = 12.5;
						TestTargetID = 8FD59E78266A027B007F8FE9;
					};
				};
			};
			buildConfigurationList = 8FD59E3D266A018B007F8FE9 /* Build configuration list for PBXProject "Ecommerce" */;
			compatibilityVersion = "Xcode 9.3";
			developmentRegion = en;
			hasScannedForEncodings = 0;
			knownRegions = (
				en,
				Base,
			);
			mainGroup = 8FD59E39266A018B007F8FE9;
			productRefGroup = 8FD59E43266A018B007F8FE9 /* Products */;
			projectDirPath = "";
			projectRoot = "";
			targets = (
				8FD59E41266A018B007F8FE9 /* Ecommerce */,
				8FD59E57266A018D007F8FE9 /* EcommerceTests */,
				8FD59E62266A018D007F8FE9 /* EcommerceUITests */,
				8FD59E78266A027B007F8FE9 /* EcommerceAdmin */,
				8FD59E8D266A027D007F8FE9 /* EcommerceAdminTests */,
				8FD59E98266A027D007F8FE9 /* EcommerceAdminUITests */,
			);
		};
/* End PBXProject section */

/* Begin PBXResourcesBuildPhase section */
		8FD59E40266A018B007F8FE9 /* Resources */ = {
			isa = PBXResourcesBuildPhase;
			buildActionMask = 2147483647;
			files = (
				8FD59E52266A018D007F8FE9 /* LaunchScreen.storyboard in Resources */,
				8F4DB98D266DFDEC005D0138 /* ProductCell.xib in Resources */,
				8F831A6C266DEDC8009D74DF /* CategoryCell.xib in Resources */,
				8FD59E4F266A018D007F8FE9 /* Assets.xcassets in Resources */,
				8FD59EAE266A4BEF007F8FE9 /* GoogleService-Info.plist in Resources */,
				8FD59ECC266DD759007F8FE9 /* Main.storyboard in Resources */,
				8FD59EC6266CF8ED007F8FE9 /* ForgotPasswordVC.xib in Resources */,
				8FD59EAC266A0D1F007F8FE9 /* LoginStoryBoard.storyboard in Resources */,
			);
			runOnlyForDeploymentPostprocessing = 0;
		};
		8FD59E56266A018D007F8FE9 /* Resources */ = {
			isa = PBXResourcesBuildPhase;
			buildActionMask = 2147483647;
			files = (
			);
			runOnlyForDeploymentPostprocessing = 0;
		};
		8FD59E61266A018D007F8FE9 /* Resources */ = {
			isa = PBXResourcesBuildPhase;
			buildActionMask = 2147483647;
			files = (
			);
			runOnlyForDeploymentPostprocessing = 0;
		};
		8FD59E77266A027B007F8FE9 /* Resources */ = {
			isa = PBXResourcesBuildPhase;
			buildActionMask = 2147483647;
			files = (
				8F831A6D266DEDC8009D74DF /* CategoryCell.xib in Resources */,
				8FD59E88266A027D007F8FE9 /* LaunchScreen.storyboard in Resources */,
				8FD59EB0266A5204007F8FE9 /* GoogleService-Info.plist in Resources */,
				8F4DB98E266DFDEC005D0138 /* ProductCell.xib in Resources */,
				8FD59EAA266A0331007F8FE9 /* Assets.xcassets in Resources */,
				8FD59E83266A027B007F8FE9 /* Main.storyboard in Resources */,
			);
			runOnlyForDeploymentPostprocessing = 0;
		};
		8FD59E8C266A027D007F8FE9 /* Resources */ = {
			isa = PBXResourcesBuildPhase;
			buildActionMask = 2147483647;
			files = (
			);
			runOnlyForDeploymentPostprocessing = 0;
		};
		8FD59E97266A027D007F8FE9 /* Resources */ = {
			isa = PBXResourcesBuildPhase;
			buildActionMask = 2147483647;
			files = (
			);
			runOnlyForDeploymentPostprocessing = 0;
		};
/* End PBXResourcesBuildPhase section */

/* Begin PBXShellScriptBuildPhase section */
		7128E173EEBCCCE4202B8472 /* [CP] Embed Pods Frameworks */ = {
			isa = PBXShellScriptBuildPhase;
			buildActionMask = 2147483647;
			files = (
			);
			inputFileListPaths = (
				"${PODS_ROOT}/Target Support Files/Pods-Ecommerce/Pods-Ecommerce-frameworks-${CONFIGURATION}-input-files.xcfilelist",
			);
			name = "[CP] Embed Pods Frameworks";
			outputFileListPaths = (
				"${PODS_ROOT}/Target Support Files/Pods-Ecommerce/Pods-Ecommerce-frameworks-${CONFIGURATION}-output-files.xcfilelist",
			);
			runOnlyForDeploymentPostprocessing = 0;
			shellPath = /bin/sh;
			shellScript = "\"${PODS_ROOT}/Target Support Files/Pods-Ecommerce/Pods-Ecommerce-frameworks.sh\"\n";
			showEnvVarsInLog = 0;
		};
		7B1572A3BC292D721E18CD99 /* [CP] Check Pods Manifest.lock */ = {
			isa = PBXShellScriptBuildPhase;
			buildActionMask = 2147483647;
			files = (
			);
			inputFileListPaths = (
			);
			inputPaths = (
				"${PODS_PODFILE_DIR_PATH}/Podfile.lock",
				"${PODS_ROOT}/Manifest.lock",
			);
			name = "[CP] Check Pods Manifest.lock";
			outputFileListPaths = (
			);
			outputPaths = (
				"$(DERIVED_FILE_DIR)/Pods-Ecommerce-checkManifestLockResult.txt",
			);
			runOnlyForDeploymentPostprocessing = 0;
			shellPath = /bin/sh;
			shellScript = "diff \"${PODS_PODFILE_DIR_PATH}/Podfile.lock\" \"${PODS_ROOT}/Manifest.lock\" > /dev/null\nif [ $? != 0 ] ; then\n    # print error to STDERR\n    echo \"error: The sandbox is not in sync with the Podfile.lock. Run 'pod install' or update your CocoaPods installation.\" >&2\n    exit 1\nfi\n# This output is used by Xcode 'outputs' to avoid re-running this script phase.\necho \"SUCCESS\" > \"${SCRIPT_OUTPUT_FILE_0}\"\n";
			showEnvVarsInLog = 0;
		};
		8F41636C7C61A6B6DC198DF3 /* [CP] Embed Pods Frameworks */ = {
			isa = PBXShellScriptBuildPhase;
			buildActionMask = 2147483647;
			files = (
			);
			inputFileListPaths = (
				"${PODS_ROOT}/Target Support Files/Pods-EcommerceAdmin/Pods-EcommerceAdmin-frameworks-${CONFIGURATION}-input-files.xcfilelist",
			);
			name = "[CP] Embed Pods Frameworks";
			outputFileListPaths = (
				"${PODS_ROOT}/Target Support Files/Pods-EcommerceAdmin/Pods-EcommerceAdmin-frameworks-${CONFIGURATION}-output-files.xcfilelist",
			);
			runOnlyForDeploymentPostprocessing = 0;
			shellPath = /bin/sh;
			shellScript = "\"${PODS_ROOT}/Target Support Files/Pods-EcommerceAdmin/Pods-EcommerceAdmin-frameworks.sh\"\n";
			showEnvVarsInLog = 0;
		};
		F9171B3532BA979E0BCA66E4 /* [CP] Check Pods Manifest.lock */ = {
			isa = PBXShellScriptBuildPhase;
			buildActionMask = 2147483647;
			files = (
			);
			inputFileListPaths = (
			);
			inputPaths = (
				"${PODS_PODFILE_DIR_PATH}/Podfile.lock",
				"${PODS_ROOT}/Manifest.lock",
			);
			name = "[CP] Check Pods Manifest.lock";
			outputFileListPaths = (
			);
			outputPaths = (
				"$(DERIVED_FILE_DIR)/Pods-EcommerceAdmin-checkManifestLockResult.txt",
			);
			runOnlyForDeploymentPostprocessing = 0;
			shellPath = /bin/sh;
			shellScript = "diff \"${PODS_PODFILE_DIR_PATH}/Podfile.lock\" \"${PODS_ROOT}/Manifest.lock\" > /dev/null\nif [ $? != 0 ] ; then\n    # print error to STDERR\n    echo \"error: The sandbox is not in sync with the Podfile.lock. Run 'pod install' or update your CocoaPods installation.\" >&2\n    exit 1\nfi\n# This output is used by Xcode 'outputs' to avoid re-running this script phase.\necho \"SUCCESS\" > \"${SCRIPT_OUTPUT_FILE_0}\"\n";
			showEnvVarsInLog = 0;
		};
/* End PBXShellScriptBuildPhase section */

/* Begin PBXSourcesBuildPhase section */
		8FD59E3E266A018B007F8FE9 /* Sources */ = {
			isa = PBXSourcesBuildPhase;
			buildActionMask = 2147483647;
			files = (
				8FD59E4A266A018B007F8FE9 /* HomeVC.swift in Sources */,
				8FD59EC8266DC79C007F8FE9 /* Firebase+Utilities.swift in Sources */,
				8FD59EBB266B2E4C007F8FE9 /* Extensions.swift in Sources */,
				8FD59E46266A018B007F8FE9 /* AppDelegate.swift in Sources */,
				8FD59EB6266B14D2007F8FE9 /* LoginVC.swift in Sources */,
				8F4DB984266DFCC6005D0138 /* ProductsVC.swift in Sources */,
				8FD59EC1266BB768007F8FE9 /* RoundedViews.swift in Sources */,
				8FD59EC5266CF8ED007F8FE9 /* ForgotPasswordVC.swift in Sources */,
				8FD59EBD266BB27E007F8FE9 /* Constants.swift in Sources */,
				8FD59E48266A018B007F8FE9 /* SceneDelegate.swift in Sources */,
				8F831A66266DEC7E009D74DF /* Category.swift in Sources */,
				8FD59EB8266B14E4007F8FE9 /* RegisterVC.swift in Sources */,
				8F4DB98B266DFDEC005D0138 /* ProductCell.swift in Sources */,
				8F831A6A266DEDC8009D74DF /* CategoryCell.swift in Sources */,
				8F4DB987266DFD26005D0138 /* Product.swift in Sources */,
			);
			runOnlyForDeploymentPostprocessing = 0;
		};
		8FD59E54266A018D007F8FE9 /* Sources */ = {
			isa = PBXSourcesBuildPhase;
			buildActionMask = 2147483647;
			files = (
				8FD59E5D266A018D007F8FE9 /* EcommerceTests.swift in Sources */,
			);
			runOnlyForDeploymentPostprocessing = 0;
		};
		8FD59E5F266A018D007F8FE9 /* Sources */ = {
			isa = PBXSourcesBuildPhase;
			buildActionMask = 2147483647;
			files = (
				8FD59E68266A018D007F8FE9 /* EcommerceUITests.swift in Sources */,
			);
			runOnlyForDeploymentPostprocessing = 0;
		};
		8FD59E75266A027B007F8FE9 /* Sources */ = {
			isa = PBXSourcesBuildPhase;
			buildActionMask = 2147483647;
			files = (
				8FD59E80266A027B007F8FE9 /* ViewController.swift in Sources */,
				8F4DB988266DFD33005D0138 /* Product.swift in Sources */,
				8FD59E7C266A027B007F8FE9 /* AppDelegate.swift in Sources */,
				8FD59E7E266A027B007F8FE9 /* SceneDelegate.swift in Sources */,
				8FD59EC9266DCA1F007F8FE9 /* Firebase+Utilities.swift in Sources */,
				8F4DB985266DFCCE005D0138 /* ProductsVC.swift in Sources */,
				8F4DB98C266DFDEC005D0138 /* ProductCell.swift in Sources */,
				8F831A67266DEC7E009D74DF /* Category.swift in Sources */,
				8F831A6B266DEDC8009D74DF /* CategoryCell.swift in Sources */,
			);
			runOnlyForDeploymentPostprocessing = 0;
		};
		8FD59E8A266A027D007F8FE9 /* Sources */ = {
			isa = PBXSourcesBuildPhase;
			buildActionMask = 2147483647;
			files = (
				8FD59E93266A027D007F8FE9 /* EcommerceAdminTests.swift in Sources */,
			);
			runOnlyForDeploymentPostprocessing = 0;
		};
		8FD59E95266A027D007F8FE9 /* Sources */ = {
			isa = PBXSourcesBuildPhase;
			buildActionMask = 2147483647;
			files = (
				8FD59E9E266A027D007F8FE9 /* EcommerceAdminUITests.swift in Sources */,
			);
			runOnlyForDeploymentPostprocessing = 0;
		};
/* End PBXSourcesBuildPhase section */

/* Begin PBXTargetDependency section */
		8FD59E5A266A018D007F8FE9 /* PBXTargetDependency */ = {
			isa = PBXTargetDependency;
			target = 8FD59E41266A018B007F8FE9 /* Ecommerce */;
			targetProxy = 8FD59E59266A018D007F8FE9 /* PBXContainerItemProxy */;
		};
		8FD59E65266A018D007F8FE9 /* PBXTargetDependency */ = {
			isa = PBXTargetDependency;
			target = 8FD59E41266A018B007F8FE9 /* Ecommerce */;
			targetProxy = 8FD59E64266A018D007F8FE9 /* PBXContainerItemProxy */;
		};
		8FD59E90266A027D007F8FE9 /* PBXTargetDependency */ = {
			isa = PBXTargetDependency;
			target = 8FD59E78266A027B007F8FE9 /* EcommerceAdmin */;
			targetProxy = 8FD59E8F266A027D007F8FE9 /* PBXContainerItemProxy */;
		};
		8FD59E9B266A027D007F8FE9 /* PBXTargetDependency */ = {
			isa = PBXTargetDependency;
			target = 8FD59E78266A027B007F8FE9 /* EcommerceAdmin */;
			targetProxy = 8FD59E9A266A027D007F8FE9 /* PBXContainerItemProxy */;
		};
/* End PBXTargetDependency section */

/* Begin PBXVariantGroup section */
		8FD59E50266A018D007F8FE9 /* LaunchScreen.storyboard */ = {
			isa = PBXVariantGroup;
			children = (
				8FD59E51266A018D007F8FE9 /* Base */,
			);
			name = LaunchScreen.storyboard;
			sourceTree = "<group>";
		};
		8FD59E81266A027B007F8FE9 /* Main.storyboard */ = {
			isa = PBXVariantGroup;
			children = (
				8FD59E82266A027B007F8FE9 /* Base */,
			);
			name = Main.storyboard;
			sourceTree = "<group>";
		};
		8FD59E86266A027D007F8FE9 /* LaunchScreen.storyboard */ = {
			isa = PBXVariantGroup;
			children = (
				8FD59E87266A027D007F8FE9 /* Base */,
			);
			name = LaunchScreen.storyboard;
			sourceTree = "<group>";
		};
		8FD59ECA266DD755007F8FE9 /* Main.storyboard */ = {
			isa = PBXVariantGroup;
			children = (
				8FD59ECB266DD756007F8FE9 /* Base */,
			);
			name = Main.storyboard;
			sourceTree = "<group>";
		};
/* End PBXVariantGroup section */

/* Begin XCBuildConfiguration section */
		8FD59E6A266A018D007F8FE9 /* Debug */ = {
			isa = XCBuildConfiguration;
			buildSettings = {
				ALWAYS_SEARCH_USER_PATHS = NO;
				CLANG_ANALYZER_NONNULL = YES;
				CLANG_ANALYZER_NUMBER_OBJECT_CONVERSION = YES_AGGRESSIVE;
				CLANG_CXX_LANGUAGE_STANDARD = "gnu++14";
				CLANG_CXX_LIBRARY = "libc++";
				CLANG_ENABLE_MODULES = YES;
				CLANG_ENABLE_OBJC_ARC = YES;
				CLANG_ENABLE_OBJC_WEAK = YES;
				CLANG_WARN_BLOCK_CAPTURE_AUTORELEASING = YES;
				CLANG_WARN_BOOL_CONVERSION = YES;
				CLANG_WARN_COMMA = YES;
				CLANG_WARN_CONSTANT_CONVERSION = YES;
				CLANG_WARN_DEPRECATED_OBJC_IMPLEMENTATIONS = YES;
				CLANG_WARN_DIRECT_OBJC_ISA_USAGE = YES_ERROR;
				CLANG_WARN_DOCUMENTATION_COMMENTS = YES;
				CLANG_WARN_EMPTY_BODY = YES;
				CLANG_WARN_ENUM_CONVERSION = YES;
				CLANG_WARN_INFINITE_RECURSION = YES;
				CLANG_WARN_INT_CONVERSION = YES;
				CLANG_WARN_NON_LITERAL_NULL_CONVERSION = YES;
				CLANG_WARN_OBJC_IMPLICIT_RETAIN_SELF = YES;
				CLANG_WARN_OBJC_LITERAL_CONVERSION = YES;
				CLANG_WARN_OBJC_ROOT_CLASS = YES_ERROR;
				CLANG_WARN_QUOTED_INCLUDE_IN_FRAMEWORK_HEADER = YES;
				CLANG_WARN_RANGE_LOOP_ANALYSIS = YES;
				CLANG_WARN_STRICT_PROTOTYPES = YES;
				CLANG_WARN_SUSPICIOUS_MOVE = YES;
				CLANG_WARN_UNGUARDED_AVAILABILITY = YES_AGGRESSIVE;
				CLANG_WARN_UNREACHABLE_CODE = YES;
				CLANG_WARN__DUPLICATE_METHOD_MATCH = YES;
				COPY_PHASE_STRIP = NO;
				DEBUG_INFORMATION_FORMAT = dwarf;
				ENABLE_STRICT_OBJC_MSGSEND = YES;
				ENABLE_TESTABILITY = YES;
				GCC_C_LANGUAGE_STANDARD = gnu11;
				GCC_DYNAMIC_NO_PIC = NO;
				GCC_NO_COMMON_BLOCKS = YES;
				GCC_OPTIMIZATION_LEVEL = 0;
				GCC_PREPROCESSOR_DEFINITIONS = (
					"DEBUG=1",
					"$(inherited)",
				);
				GCC_WARN_64_TO_32_BIT_CONVERSION = YES;
				GCC_WARN_ABOUT_RETURN_TYPE = YES_ERROR;
				GCC_WARN_UNDECLARED_SELECTOR = YES;
				GCC_WARN_UNINITIALIZED_AUTOS = YES_AGGRESSIVE;
				GCC_WARN_UNUSED_FUNCTION = YES;
				GCC_WARN_UNUSED_VARIABLE = YES;
				IPHONEOS_DEPLOYMENT_TARGET = 13.0;
				MTL_ENABLE_DEBUG_INFO = INCLUDE_SOURCE;
				MTL_FAST_MATH = YES;
				ONLY_ACTIVE_ARCH = YES;
				SDKROOT = iphoneos;
				SWIFT_ACTIVE_COMPILATION_CONDITIONS = DEBUG;
				SWIFT_OPTIMIZATION_LEVEL = "-Onone";
			};
			name = Debug;
		};
		8FD59E6B266A018D007F8FE9 /* Release */ = {
			isa = XCBuildConfiguration;
			buildSettings = {
				ALWAYS_SEARCH_USER_PATHS = NO;
				CLANG_ANALYZER_NONNULL = YES;
				CLANG_ANALYZER_NUMBER_OBJECT_CONVERSION = YES_AGGRESSIVE;
				CLANG_CXX_LANGUAGE_STANDARD = "gnu++14";
				CLANG_CXX_LIBRARY = "libc++";
				CLANG_ENABLE_MODULES = YES;
				CLANG_ENABLE_OBJC_ARC = YES;
				CLANG_ENABLE_OBJC_WEAK = YES;
				CLANG_WARN_BLOCK_CAPTURE_AUTORELEASING = YES;
				CLANG_WARN_BOOL_CONVERSION = YES;
				CLANG_WARN_COMMA = YES;
				CLANG_WARN_CONSTANT_CONVERSION = YES;
				CLANG_WARN_DEPRECATED_OBJC_IMPLEMENTATIONS = YES;
				CLANG_WARN_DIRECT_OBJC_ISA_USAGE = YES_ERROR;
				CLANG_WARN_DOCUMENTATION_COMMENTS = YES;
				CLANG_WARN_EMPTY_BODY = YES;
				CLANG_WARN_ENUM_CONVERSION = YES;
				CLANG_WARN_INFINITE_RECURSION = YES;
				CLANG_WARN_INT_CONVERSION = YES;
				CLANG_WARN_NON_LITERAL_NULL_CONVERSION = YES;
				CLANG_WARN_OBJC_IMPLICIT_RETAIN_SELF = YES;
				CLANG_WARN_OBJC_LITERAL_CONVERSION = YES;
				CLANG_WARN_OBJC_ROOT_CLASS = YES_ERROR;
				CLANG_WARN_QUOTED_INCLUDE_IN_FRAMEWORK_HEADER = YES;
				CLANG_WARN_RANGE_LOOP_ANALYSIS = YES;
				CLANG_WARN_STRICT_PROTOTYPES = YES;
				CLANG_WARN_SUSPICIOUS_MOVE = YES;
				CLANG_WARN_UNGUARDED_AVAILABILITY = YES_AGGRESSIVE;
				CLANG_WARN_UNREACHABLE_CODE = YES;
				CLANG_WARN__DUPLICATE_METHOD_MATCH = YES;
				COPY_PHASE_STRIP = NO;
				DEBUG_INFORMATION_FORMAT = "dwarf-with-dsym";
				ENABLE_NS_ASSERTIONS = NO;
				ENABLE_STRICT_OBJC_MSGSEND = YES;
				GCC_C_LANGUAGE_STANDARD = gnu11;
				GCC_NO_COMMON_BLOCKS = YES;
				GCC_WARN_64_TO_32_BIT_CONVERSION = YES;
				GCC_WARN_ABOUT_RETURN_TYPE = YES_ERROR;
				GCC_WARN_UNDECLARED_SELECTOR = YES;
				GCC_WARN_UNINITIALIZED_AUTOS = YES_AGGRESSIVE;
				GCC_WARN_UNUSED_FUNCTION = YES;
				GCC_WARN_UNUSED_VARIABLE = YES;
				IPHONEOS_DEPLOYMENT_TARGET = 13.0;
				MTL_ENABLE_DEBUG_INFO = NO;
				MTL_FAST_MATH = YES;
				SDKROOT = iphoneos;
				SWIFT_COMPILATION_MODE = wholemodule;
				SWIFT_OPTIMIZATION_LEVEL = "-O";
				VALIDATE_PRODUCT = YES;
			};
			name = Release;
		};
		8FD59E6D266A018D007F8FE9 /* Debug */ = {
			isa = XCBuildConfiguration;
			baseConfigurationReference = 07E2F072AA7A883BB3C6EE16 /* Pods-Ecommerce.debug.xcconfig */;
			buildSettings = {
				ASSETCATALOG_COMPILER_APPICON_NAME = AppIcon;
				ASSETCATALOG_COMPILER_GLOBAL_ACCENT_COLOR_NAME = AccentColor;
				CODE_SIGN_STYLE = Automatic;
				DEVELOPMENT_TEAM = 94WY3HPZ4Q;
				INFOPLIST_FILE = Ecommerce/Info.plist;
				LD_RUNPATH_SEARCH_PATHS = (
					"$(inherited)",
					"@executable_path/Frameworks",
				);
				PRODUCT_BUNDLE_IDENTIFIER = com.jasonou.Ecommerce;
				PRODUCT_NAME = "$(TARGET_NAME)";
				SWIFT_VERSION = 5.0;
				TARGETED_DEVICE_FAMILY = "1,2";
			};
			name = Debug;
		};
		8FD59E6E266A018D007F8FE9 /* Release */ = {
			isa = XCBuildConfiguration;
			baseConfigurationReference = 787834C2FB87B214EE8E4169 /* Pods-Ecommerce.release.xcconfig */;
			buildSettings = {
				ASSETCATALOG_COMPILER_APPICON_NAME = AppIcon;
				ASSETCATALOG_COMPILER_GLOBAL_ACCENT_COLOR_NAME = AccentColor;
				CODE_SIGN_STYLE = Automatic;
				DEVELOPMENT_TEAM = 94WY3HPZ4Q;
				INFOPLIST_FILE = Ecommerce/Info.plist;
				LD_RUNPATH_SEARCH_PATHS = (
					"$(inherited)",
					"@executable_path/Frameworks",
				);
				PRODUCT_BUNDLE_IDENTIFIER = com.jasonou.Ecommerce;
				PRODUCT_NAME = "$(TARGET_NAME)";
				SWIFT_VERSION = 5.0;
				TARGETED_DEVICE_FAMILY = "1,2";
			};
			name = Release;
		};
		8FD59E70266A018D007F8FE9 /* Debug */ = {
			isa = XCBuildConfiguration;
			buildSettings = {
				ALWAYS_EMBED_SWIFT_STANDARD_LIBRARIES = YES;
				BUNDLE_LOADER = "$(TEST_HOST)";
				CODE_SIGN_STYLE = Automatic;
				DEVELOPMENT_TEAM = 94WY3HPZ4Q;
				INFOPLIST_FILE = EcommerceTests/Info.plist;
				IPHONEOS_DEPLOYMENT_TARGET = 14.5;
				LD_RUNPATH_SEARCH_PATHS = (
					"$(inherited)",
					"@executable_path/Frameworks",
					"@loader_path/Frameworks",
				);
				PRODUCT_BUNDLE_IDENTIFIER = com.jasonou.EcommerceTests;
				PRODUCT_NAME = "$(TARGET_NAME)";
				SWIFT_VERSION = 5.0;
				TARGETED_DEVICE_FAMILY = "1,2";
				TEST_HOST = "$(BUILT_PRODUCTS_DIR)/Ecommerce.app/Ecommerce";
			};
			name = Debug;
		};
		8FD59E71266A018D007F8FE9 /* Release */ = {
			isa = XCBuildConfiguration;
			buildSettings = {
				ALWAYS_EMBED_SWIFT_STANDARD_LIBRARIES = YES;
				BUNDLE_LOADER = "$(TEST_HOST)";
				CODE_SIGN_STYLE = Automatic;
				DEVELOPMENT_TEAM = 94WY3HPZ4Q;
				INFOPLIST_FILE = EcommerceTests/Info.plist;
				IPHONEOS_DEPLOYMENT_TARGET = 14.5;
				LD_RUNPATH_SEARCH_PATHS = (
					"$(inherited)",
					"@executable_path/Frameworks",
					"@loader_path/Frameworks",
				);
				PRODUCT_BUNDLE_IDENTIFIER = com.jasonou.EcommerceTests;
				PRODUCT_NAME = "$(TARGET_NAME)";
				SWIFT_VERSION = 5.0;
				TARGETED_DEVICE_FAMILY = "1,2";
				TEST_HOST = "$(BUILT_PRODUCTS_DIR)/Ecommerce.app/Ecommerce";
			};
			name = Release;
		};
		8FD59E73266A018D007F8FE9 /* Debug */ = {
			isa = XCBuildConfiguration;
			buildSettings = {
				ALWAYS_EMBED_SWIFT_STANDARD_LIBRARIES = YES;
				CODE_SIGN_STYLE = Automatic;
				DEVELOPMENT_TEAM = 94WY3HPZ4Q;
				INFOPLIST_FILE = EcommerceUITests/Info.plist;
				LD_RUNPATH_SEARCH_PATHS = (
					"$(inherited)",
					"@executable_path/Frameworks",
					"@loader_path/Frameworks",
				);
				PRODUCT_BUNDLE_IDENTIFIER = com.jasonou.EcommerceUITests;
				PRODUCT_NAME = "$(TARGET_NAME)";
				SWIFT_VERSION = 5.0;
				TARGETED_DEVICE_FAMILY = "1,2";
				TEST_TARGET_NAME = Ecommerce;
			};
			name = Debug;
		};
		8FD59E74266A018D007F8FE9 /* Release */ = {
			isa = XCBuildConfiguration;
			buildSettings = {
				ALWAYS_EMBED_SWIFT_STANDARD_LIBRARIES = YES;
				CODE_SIGN_STYLE = Automatic;
				DEVELOPMENT_TEAM = 94WY3HPZ4Q;
				INFOPLIST_FILE = EcommerceUITests/Info.plist;
				LD_RUNPATH_SEARCH_PATHS = (
					"$(inherited)",
					"@executable_path/Frameworks",
					"@loader_path/Frameworks",
				);
				PRODUCT_BUNDLE_IDENTIFIER = com.jasonou.EcommerceUITests;
				PRODUCT_NAME = "$(TARGET_NAME)";
				SWIFT_VERSION = 5.0;
				TARGETED_DEVICE_FAMILY = "1,2";
				TEST_TARGET_NAME = Ecommerce;
			};
			name = Release;
		};
		8FD59EA1266A027D007F8FE9 /* Debug */ = {
			isa = XCBuildConfiguration;
			baseConfigurationReference = 7F4E9F966CC5CBD3EF2A64AF /* Pods-EcommerceAdmin.debug.xcconfig */;
			buildSettings = {
				ASSETCATALOG_COMPILER_APPICON_NAME = AppIcon;
				ASSETCATALOG_COMPILER_GLOBAL_ACCENT_COLOR_NAME = AccentColor;
				CODE_SIGN_STYLE = Automatic;
				DEVELOPMENT_TEAM = 94WY3HPZ4Q;
				INFOPLIST_FILE = EcommerceAdmin/Info.plist;
				LD_RUNPATH_SEARCH_PATHS = (
					"$(inherited)",
					"@executable_path/Frameworks",
				);
				PRODUCT_BUNDLE_IDENTIFIER = com.jasonou.EcommerceAdmin;
				PRODUCT_NAME = "$(TARGET_NAME)";
				SWIFT_VERSION = 5.0;
				TARGETED_DEVICE_FAMILY = "1,2";
			};
			name = Debug;
		};
		8FD59EA2266A027D007F8FE9 /* Release */ = {
			isa = XCBuildConfiguration;
			baseConfigurationReference = C9F8044E44D422E6B9AB5F7E /* Pods-EcommerceAdmin.release.xcconfig */;
			buildSettings = {
				ASSETCATALOG_COMPILER_APPICON_NAME = AppIcon;
				ASSETCATALOG_COMPILER_GLOBAL_ACCENT_COLOR_NAME = AccentColor;
				CODE_SIGN_STYLE = Automatic;
				DEVELOPMENT_TEAM = 94WY3HPZ4Q;
				INFOPLIST_FILE = EcommerceAdmin/Info.plist;
				LD_RUNPATH_SEARCH_PATHS = (
					"$(inherited)",
					"@executable_path/Frameworks",
				);
				PRODUCT_BUNDLE_IDENTIFIER = com.jasonou.EcommerceAdmin;
				PRODUCT_NAME = "$(TARGET_NAME)";
				SWIFT_VERSION = 5.0;
				TARGETED_DEVICE_FAMILY = "1,2";
			};
			name = Release;
		};
		8FD59EA4266A027D007F8FE9 /* Debug */ = {
			isa = XCBuildConfiguration;
			buildSettings = {
				ALWAYS_EMBED_SWIFT_STANDARD_LIBRARIES = YES;
				BUNDLE_LOADER = "$(TEST_HOST)";
				CODE_SIGN_STYLE = Automatic;
				DEVELOPMENT_TEAM = 94WY3HPZ4Q;
				INFOPLIST_FILE = EcommerceAdminTests/Info.plist;
				IPHONEOS_DEPLOYMENT_TARGET = 14.5;
				LD_RUNPATH_SEARCH_PATHS = (
					"$(inherited)",
					"@executable_path/Frameworks",
					"@loader_path/Frameworks",
				);
				PRODUCT_BUNDLE_IDENTIFIER = com.jasonou.EcommerceAdminTests;
				PRODUCT_NAME = "$(TARGET_NAME)";
				SWIFT_VERSION = 5.0;
				TARGETED_DEVICE_FAMILY = "1,2";
				TEST_HOST = "$(BUILT_PRODUCTS_DIR)/EcommerceAdmin.app/EcommerceAdmin";
			};
			name = Debug;
		};
		8FD59EA5266A027D007F8FE9 /* Release */ = {
			isa = XCBuildConfiguration;
			buildSettings = {
				ALWAYS_EMBED_SWIFT_STANDARD_LIBRARIES = YES;
				BUNDLE_LOADER = "$(TEST_HOST)";
				CODE_SIGN_STYLE = Automatic;
				DEVELOPMENT_TEAM = 94WY3HPZ4Q;
				INFOPLIST_FILE = EcommerceAdminTests/Info.plist;
				IPHONEOS_DEPLOYMENT_TARGET = 14.5;
				LD_RUNPATH_SEARCH_PATHS = (
					"$(inherited)",
					"@executable_path/Frameworks",
					"@loader_path/Frameworks",
				);
				PRODUCT_BUNDLE_IDENTIFIER = com.jasonou.EcommerceAdminTests;
				PRODUCT_NAME = "$(TARGET_NAME)";
				SWIFT_VERSION = 5.0;
				TARGETED_DEVICE_FAMILY = "1,2";
				TEST_HOST = "$(BUILT_PRODUCTS_DIR)/EcommerceAdmin.app/EcommerceAdmin";
			};
			name = Release;
		};
		8FD59EA7266A027D007F8FE9 /* Debug */ = {
			isa = XCBuildConfiguration;
			buildSettings = {
				ALWAYS_EMBED_SWIFT_STANDARD_LIBRARIES = YES;
				CODE_SIGN_STYLE = Automatic;
				DEVELOPMENT_TEAM = 94WY3HPZ4Q;
				INFOPLIST_FILE = EcommerceAdminUITests/Info.plist;
				LD_RUNPATH_SEARCH_PATHS = (
					"$(inherited)",
					"@executable_path/Frameworks",
					"@loader_path/Frameworks",
				);
				PRODUCT_BUNDLE_IDENTIFIER = com.jasonou.EcommerceAdminUITests;
				PRODUCT_NAME = "$(TARGET_NAME)";
				SWIFT_VERSION = 5.0;
				TARGETED_DEVICE_FAMILY = "1,2";
				TEST_TARGET_NAME = EcommerceAdmin;
			};
			name = Debug;
		};
		8FD59EA8266A027D007F8FE9 /* Release */ = {
			isa = XCBuildConfiguration;
			buildSettings = {
				ALWAYS_EMBED_SWIFT_STANDARD_LIBRARIES = YES;
				CODE_SIGN_STYLE = Automatic;
				DEVELOPMENT_TEAM = 94WY3HPZ4Q;
				INFOPLIST_FILE = EcommerceAdminUITests/Info.plist;
				LD_RUNPATH_SEARCH_PATHS = (
					"$(inherited)",
					"@executable_path/Frameworks",
					"@loader_path/Frameworks",
				);
				PRODUCT_BUNDLE_IDENTIFIER = com.jasonou.EcommerceAdminUITests;
				PRODUCT_NAME = "$(TARGET_NAME)";
				SWIFT_VERSION = 5.0;
				TARGETED_DEVICE_FAMILY = "1,2";
				TEST_TARGET_NAME = EcommerceAdmin;
			};
			name = Release;
		};
/* End XCBuildConfiguration section */

/* Begin XCConfigurationList section */
		8FD59E3D266A018B007F8FE9 /* Build configuration list for PBXProject "Ecommerce" */ = {
			isa = XCConfigurationList;
			buildConfigurations = (
				8FD59E6A266A018D007F8FE9 /* Debug */,
				8FD59E6B266A018D007F8FE9 /* Release */,
			);
			defaultConfigurationIsVisible = 0;
			defaultConfigurationName = Release;
		};
		8FD59E6C266A018D007F8FE9 /* Build configuration list for PBXNativeTarget "Ecommerce" */ = {
			isa = XCConfigurationList;
			buildConfigurations = (
				8FD59E6D266A018D007F8FE9 /* Debug */,
				8FD59E6E266A018D007F8FE9 /* Release */,
			);
			defaultConfigurationIsVisible = 0;
			defaultConfigurationName = Release;
		};
		8FD59E6F266A018D007F8FE9 /* Build configuration list for PBXNativeTarget "EcommerceTests" */ = {
			isa = XCConfigurationList;
			buildConfigurations = (
				8FD59E70266A018D007F8FE9 /* Debug */,
				8FD59E71266A018D007F8FE9 /* Release */,
			);
			defaultConfigurationIsVisible = 0;
			defaultConfigurationName = Release;
		};
		8FD59E72266A018D007F8FE9 /* Build configuration list for PBXNativeTarget "EcommerceUITests" */ = {
			isa = XCConfigurationList;
			buildConfigurations = (
				8FD59E73266A018D007F8FE9 /* Debug */,
				8FD59E74266A018D007F8FE9 /* Release */,
			);
			defaultConfigurationIsVisible = 0;
			defaultConfigurationName = Release;
		};
		8FD59EA0266A027D007F8FE9 /* Build configuration list for PBXNativeTarget "EcommerceAdmin" */ = {
			isa = XCConfigurationList;
			buildConfigurations = (
				8FD59EA1266A027D007F8FE9 /* Debug */,
				8FD59EA2266A027D007F8FE9 /* Release */,
			);
			defaultConfigurationIsVisible = 0;
			defaultConfigurationName = Release;
		};
		8FD59EA3266A027D007F8FE9 /* Build configuration list for PBXNativeTarget "EcommerceAdminTests" */ = {
			isa = XCConfigurationList;
			buildConfigurations = (
				8FD59EA4266A027D007F8FE9 /* Debug */,
				8FD59EA5266A027D007F8FE9 /* Release */,
			);
			defaultConfigurationIsVisible = 0;
			defaultConfigurationName = Release;
		};
		8FD59EA6266A027D007F8FE9 /* Build configuration list for PBXNativeTarget "EcommerceAdminUITests" */ = {
			isa = XCConfigurationList;
			buildConfigurations = (
				8FD59EA7266A027D007F8FE9 /* Debug */,
				8FD59EA8266A027D007F8FE9 /* Release */,
			);
			defaultConfigurationIsVisible = 0;
			defaultConfigurationName = Release;
		};
/* End XCConfigurationList section */
	};
	rootObject = 8FD59E3A266A018B007F8FE9 /* Project object */;
}
